// !$*UTF8*$!
{
	archiveVersion = 1;
	classes = {
	};
	objectVersion = 46;
	objects = {

/* Begin PBXBuildFile section */
		ABF3797F1F44314700336725 /* PPBaseViewController.m in Sources */ = {isa = PBXBuildFile; fileRef = ABF3797E1F44314700336725 /* PPBaseViewController.m */; };
		ABF379821F44315400336725 /* PPBaseNavigationViewController.m in Sources */ = {isa = PBXBuildFile; fileRef = ABF379811F44315400336725 /* PPBaseNavigationViewController.m */; };
		ABF379851F44316100336725 /* PPBaseTabBarViewController.m in Sources */ = {isa = PBXBuildFile; fileRef = ABF379841F44316100336725 /* PPBaseTabBarViewController.m */; };
		ABF3798F1F44352200336725 /* PPHomeController.m in Sources */ = {isa = PBXBuildFile; fileRef = ABF3798E1F44352200336725 /* PPHomeController.m */; };
		ABF379921F44353300336725 /* PPAddressController.m in Sources */ = {isa = PBXBuildFile; fileRef = ABF379911F44353300336725 /* PPAddressController.m */; };
		ABF379951F44354300336725 /* PPFoundViewController.m in Sources */ = {isa = PBXBuildFile; fileRef = ABF379941F44354300336725 /* PPFoundViewController.m */; };
		ABF379981F44355500336725 /* PPMineController.m in Sources */ = {isa = PBXBuildFile; fileRef = ABF379971F44355500336725 /* PPMineController.m */; };
		ABF379CA1F4443A400336725 /* UIImage+Category.m in Sources */ = {isa = PBXBuildFile; fileRef = ABF379C91F4443A400336725 /* UIImage+Category.m */; };
		B353985DC79B65FF2DF24C5B /* libPods-LZW_iOS_common_questions.a in Frameworks */ = {isa = PBXBuildFile; fileRef = 8370B6834D8C52C24F9732FD /* libPods-LZW_iOS_common_questions.a */; };
		F488164E1F44276100C15F3D /* TwelveStudyViewController.m in Sources */ = {isa = PBXBuildFile; fileRef = F488164D1F44276100C15F3D /* TwelveStudyViewController.m */; };
		F48816531F442FC700C15F3D /* GulingxuanViewController.m in Sources */ = {isa = PBXBuildFile; fileRef = F48816521F442FC700C15F3D /* GulingxuanViewController.m */; };
		F48816561F442FD100C15F3D /* RaopipiViewController.m in Sources */ = {isa = PBXBuildFile; fileRef = F48816551F442FD100C15F3D /* RaopipiViewController.m */; };
		F490CA3B1F3D98E200446EB9 /* AVFoundation.framework in Frameworks */ = {isa = PBXBuildFile; fileRef = F490CA391F3D98E200446EB9 /* AVFoundation.framework */; };
		F490CA3C1F3D98E200446EB9 /* AVKit.framework in Frameworks */ = {isa = PBXBuildFile; fileRef = F490CA3A1F3D98E200446EB9 /* AVKit.framework */; };
		F4A7AF101F41A6CE0022D5F9 /* ZeroViewController.m in Sources */ = {isa = PBXBuildFile; fileRef = F4A7AE8A1F41A6CE0022D5F9 /* ZeroViewController.m */; };
		F4A7AF111F41A6CE0022D5F9 /* OneViewController.m in Sources */ = {isa = PBXBuildFile; fileRef = F4A7AE8D1F41A6CE0022D5F9 /* OneViewController.m */; };
		F4A7AF121F41A6CE0022D5F9 /* 1.png in Resources */ = {isa = PBXBuildFile; fileRef = F4A7AE8F1F41A6CE0022D5F9 /* 1.png */; };
		F4A7AF131F41A6CE0022D5F9 /* 10.png in Resources */ = {isa = PBXBuildFile; fileRef = F4A7AE901F41A6CE0022D5F9 /* 10.png */; };
		F4A7AF141F41A6CE0022D5F9 /* 11.png in Resources */ = {isa = PBXBuildFile; fileRef = F4A7AE911F41A6CE0022D5F9 /* 11.png */; };
		F4A7AF151F41A6CE0022D5F9 /* 12.png in Resources */ = {isa = PBXBuildFile; fileRef = F4A7AE921F41A6CE0022D5F9 /* 12.png */; };
		F4A7AF161F41A6CE0022D5F9 /* 123.GIF in Resources */ = {isa = PBXBuildFile; fileRef = F4A7AE931F41A6CE0022D5F9 /* 123.GIF */; };
		F4A7AF171F41A6CE0022D5F9 /* 13.png in Resources */ = {isa = PBXBuildFile; fileRef = F4A7AE941F41A6CE0022D5F9 /* 13.png */; };
		F4A7AF181F41A6CE0022D5F9 /* 14.png in Resources */ = {isa = PBXBuildFile; fileRef = F4A7AE951F41A6CE0022D5F9 /* 14.png */; };
		F4A7AF191F41A6CE0022D5F9 /* 15.png in Resources */ = {isa = PBXBuildFile; fileRef = F4A7AE961F41A6CE0022D5F9 /* 15.png */; };
		F4A7AF1A1F41A6CE0022D5F9 /* 16.png in Resources */ = {isa = PBXBuildFile; fileRef = F4A7AE971F41A6CE0022D5F9 /* 16.png */; };
		F4A7AF1B1F41A6CE0022D5F9 /* 17.png in Resources */ = {isa = PBXBuildFile; fileRef = F4A7AE981F41A6CE0022D5F9 /* 17.png */; };
		F4A7AF1C1F41A6CE0022D5F9 /* 18.png in Resources */ = {isa = PBXBuildFile; fileRef = F4A7AE991F41A6CE0022D5F9 /* 18.png */; };
		F4A7AF1D1F41A6CE0022D5F9 /* 19.png in Resources */ = {isa = PBXBuildFile; fileRef = F4A7AE9A1F41A6CE0022D5F9 /* 19.png */; };
		F4A7AF1E1F41A6CE0022D5F9 /* 2.png in Resources */ = {isa = PBXBuildFile; fileRef = F4A7AE9B1F41A6CE0022D5F9 /* 2.png */; };
		F4A7AF1F1F41A6CE0022D5F9 /* 20.png in Resources */ = {isa = PBXBuildFile; fileRef = F4A7AE9C1F41A6CE0022D5F9 /* 20.png */; };
		F4A7AF201F41A6CE0022D5F9 /* 21.png in Resources */ = {isa = PBXBuildFile; fileRef = F4A7AE9D1F41A6CE0022D5F9 /* 21.png */; };
		F4A7AF211F41A6CE0022D5F9 /* 22.png in Resources */ = {isa = PBXBuildFile; fileRef = F4A7AE9E1F41A6CE0022D5F9 /* 22.png */; };
		F4A7AF221F41A6CE0022D5F9 /* 23.png in Resources */ = {isa = PBXBuildFile; fileRef = F4A7AE9F1F41A6CE0022D5F9 /* 23.png */; };
		F4A7AF231F41A6CE0022D5F9 /* 24.png in Resources */ = {isa = PBXBuildFile; fileRef = F4A7AEA01F41A6CE0022D5F9 /* 24.png */; };
		F4A7AF241F41A6CE0022D5F9 /* 25.png in Resources */ = {isa = PBXBuildFile; fileRef = F4A7AEA11F41A6CE0022D5F9 /* 25.png */; };
		F4A7AF251F41A6CE0022D5F9 /* 3.png in Resources */ = {isa = PBXBuildFile; fileRef = F4A7AEA21F41A6CE0022D5F9 /* 3.png */; };
		F4A7AF261F41A6CE0022D5F9 /* 4.png in Resources */ = {isa = PBXBuildFile; fileRef = F4A7AEA31F41A6CE0022D5F9 /* 4.png */; };
		F4A7AF271F41A6CE0022D5F9 /* 5.png in Resources */ = {isa = PBXBuildFile; fileRef = F4A7AEA41F41A6CE0022D5F9 /* 5.png */; };
		F4A7AF281F41A6CE0022D5F9 /* 6.png in Resources */ = {isa = PBXBuildFile; fileRef = F4A7AEA51F41A6CE0022D5F9 /* 6.png */; };
		F4A7AF291F41A6CE0022D5F9 /* 7.png in Resources */ = {isa = PBXBuildFile; fileRef = F4A7AEA61F41A6CE0022D5F9 /* 7.png */; };
		F4A7AF2A1F41A6CE0022D5F9 /* 8.png in Resources */ = {isa = PBXBuildFile; fileRef = F4A7AEA71F41A6CE0022D5F9 /* 8.png */; };
		F4A7AF2B1F41A6CE0022D5F9 /* 9.png in Resources */ = {isa = PBXBuildFile; fileRef = F4A7AEA81F41A6CE0022D5F9 /* 9.png */; };
		F4A7AF2C1F41A6CE0022D5F9 /* img.jpeg in Resources */ = {isa = PBXBuildFile; fileRef = F4A7AEA91F41A6CE0022D5F9 /* img.jpeg */; };
		F4A7AF2D1F41A6CE0022D5F9 /* TenViewController.m in Sources */ = {isa = PBXBuildFile; fileRef = F4A7AEAB1F41A6CE0022D5F9 /* TenViewController.m */; };
		F4A7AF2E1F41A6CE0022D5F9 /* ChangePropertyViewController.m in Sources */ = {isa = PBXBuildFile; fileRef = F4A7AEAE1F41A6CE0022D5F9 /* ChangePropertyViewController.m */; };
		F4A7AF2F1F41A6CE0022D5F9 /* ElevenViewController.m in Sources */ = {isa = PBXBuildFile; fileRef = F4A7AEB01F41A6CE0022D5F9 /* ElevenViewController.m */; };
		F4A7AF301F41A6CE0022D5F9 /* RotateAnimationViewController.m in Sources */ = {isa = PBXBuildFile; fileRef = F4A7AEB21F41A6CE0022D5F9 /* RotateAnimationViewController.m */; };
		F4A7AF311F41A6CE0022D5F9 /* SpringAnimationViewController.m in Sources */ = {isa = PBXBuildFile; fileRef = F4A7AEB41F41A6CE0022D5F9 /* SpringAnimationViewController.m */; };
		F4A7AF321F41A6CE0022D5F9 /* TheoryViewController.m in Sources */ = {isa = PBXBuildFile; fileRef = F4A7AEB61F41A6CE0022D5F9 /* TheoryViewController.m */; };
		F4A7AF331F41A6CE0022D5F9 /* 1111.mp4 in Resources */ = {isa = PBXBuildFile; fileRef = F4A7AEB81F41A6CE0022D5F9 /* 1111.mp4 */; };
		F4A7AF341F41A6CE0022D5F9 /* 2222.mp4 in Resources */ = {isa = PBXBuildFile; fileRef = F4A7AEB91F41A6CE0022D5F9 /* 2222.mp4 */; };
		F4A7AF351F41A6CE0022D5F9 /* 3333.mp4 in Resources */ = {isa = PBXBuildFile; fileRef = F4A7AEBA1F41A6CE0022D5F9 /* 3333.mp4 */; };
		F4A7AF361F41A6CE0022D5F9 /* 4444.mp4 in Resources */ = {isa = PBXBuildFile; fileRef = F4A7AEBB1F41A6CE0022D5F9 /* 4444.mp4 */; };
		F4A7AF371F41A6CE0022D5F9 /* TwelveAVPlayerViewController.m in Sources */ = {isa = PBXBuildFile; fileRef = F4A7AEBD1F41A6CE0022D5F9 /* TwelveAVPlayerViewController.m */; };
		F4A7AF381F41A6CE0022D5F9 /* TwelveMPPlayerViewController.m in Sources */ = {isa = PBXBuildFile; fileRef = F4A7AEBF1F41A6CE0022D5F9 /* TwelveMPPlayerViewController.m */; };
		F4A7AF391F41A6CE0022D5F9 /* TwelveViewController.m in Sources */ = {isa = PBXBuildFile; fileRef = F4A7AEC11F41A6CE0022D5F9 /* TwelveViewController.m */; };
		F4A7AF3A1F41A6CE0022D5F9 /* BNDReachability.m in Sources */ = {isa = PBXBuildFile; fileRef = F4A7AEC41F41A6CE0022D5F9 /* BNDReachability.m */; };
		F4A7AF3B1F41A6CE0022D5F9 /* KeyChainWrapper.m in Sources */ = {isa = PBXBuildFile; fileRef = F4A7AEC61F41A6CE0022D5F9 /* KeyChainWrapper.m */; };
		F4A7AF3C1F41A6CE0022D5F9 /* TwoPublicInfo.m in Sources */ = {isa = PBXBuildFile; fileRef = F4A7AEC91F41A6CE0022D5F9 /* TwoPublicInfo.m */; };
		F4A7AF3D1F41A6CE0022D5F9 /* TwoPublicMethod.m in Sources */ = {isa = PBXBuildFile; fileRef = F4A7AECB1F41A6CE0022D5F9 /* TwoPublicMethod.m */; };
		F4A7AF3E1F41A6CE0022D5F9 /* ThreeViewController.m in Sources */ = {isa = PBXBuildFile; fileRef = F4A7AECE1F41A6CE0022D5F9 /* ThreeViewController.m */; };
		F4A7AF3F1F41A6CE0022D5F9 /* FourGCDTableViewShow.m in Sources */ = {isa = PBXBuildFile; fileRef = F4A7AED11F41A6CE0022D5F9 /* FourGCDTableViewShow.m */; };
		F4A7AF401F41A6CE0022D5F9 /* FourOperationTableViewShow.m in Sources */ = {isa = PBXBuildFile; fileRef = F4A7AED31F41A6CE0022D5F9 /* FourOperationTableViewShow.m */; };
		F4A7AF411F41A6CE0022D5F9 /* FourViewController.m in Sources */ = {isa = PBXBuildFile; fileRef = F4A7AED51F41A6CE0022D5F9 /* FourViewController.m */; };
		F4A7AF421F41A6CE0022D5F9 /* MyViewController.m in Sources */ = {isa = PBXBuildFile; fileRef = F4A7AED71F41A6CE0022D5F9 /* MyViewController.m */; };
		F4A7AF431F41A6CE0022D5F9 /* FiveViewController.m in Sources */ = {isa = PBXBuildFile; fileRef = F4A7AEDA1F41A6CE0022D5F9 /* FiveViewController.m */; };
		F4A7AF441F41A6CE0022D5F9 /* FiveWebViewInteraction.m in Sources */ = {isa = PBXBuildFile; fileRef = F4A7AEDC1F41A6CE0022D5F9 /* FiveWebViewInteraction.m */; };
		F4A7AF451F41A6CE0022D5F9 /* FiveWKWebViewInteraction.m in Sources */ = {isa = PBXBuildFile; fileRef = F4A7AEDE1F41A6CE0022D5F9 /* FiveWKWebViewInteraction.m */; };
		F4A7AF461F41A6CE0022D5F9 /* FiveWKWebViewInteraction.xib in Resources */ = {isa = PBXBuildFile; fileRef = F4A7AEDF1F41A6CE0022D5F9 /* FiveWKWebViewInteraction.xib */; };
		F4A7AF471F41A6CE0022D5F9 /* index.html in Resources */ = {isa = PBXBuildFile; fileRef = F4A7AEE01F41A6CE0022D5F9 /* index.html */; };
		F4A7AF481F41A6CE0022D5F9 /* wkIndex.html in Resources */ = {isa = PBXBuildFile; fileRef = F4A7AEE11F41A6CE0022D5F9 /* wkIndex.html */; };
		F4A7AF491F41A6CE0022D5F9 /* CircleLHQView.m in Sources */ = {isa = PBXBuildFile; fileRef = F4A7AEE41F41A6CE0022D5F9 /* CircleLHQView.m */; };
		F4A7AF4A1F41A6CE0022D5F9 /* SixViewController.m in Sources */ = {isa = PBXBuildFile; fileRef = F4A7AEE61F41A6CE0022D5F9 /* SixViewController.m */; };
		F4A7AF4B1F41A6CE0022D5F9 /* MyModel.m in Sources */ = {isa = PBXBuildFile; fileRef = F4A7AEE91F41A6CE0022D5F9 /* MyModel.m */; };
		F4A7AF4C1F41A6CE0022D5F9 /* SevenViewController.m in Sources */ = {isa = PBXBuildFile; fileRef = F4A7AEEB1F41A6CE0022D5F9 /* SevenViewController.m */; };
		F4A7AF4D1F41A6CE0022D5F9 /* TestKvoViewController.m in Sources */ = {isa = PBXBuildFile; fileRef = F4A7AEED1F41A6CE0022D5F9 /* TestKvoViewController.m */; };
		F4A7AF4E1F41A6CE0022D5F9 /* LZWFloatWindow.m in Sources */ = {isa = PBXBuildFile; fileRef = F4A7AEF11F41A6CE0022D5F9 /* LZWFloatWindow.m */; };
		F4A7AF4F1F41A6CE0022D5F9 /* a.jpg in Resources */ = {isa = PBXBuildFile; fileRef = F4A7AEF31F41A6CE0022D5F9 /* a.jpg */; };
		F4A7AF501F41A6CE0022D5F9 /* ccc.png in Resources */ = {isa = PBXBuildFile; fileRef = F4A7AEF41F41A6CE0022D5F9 /* ccc.png */; };
		F4A7AF511F41A6CE0022D5F9 /* ddd.png in Resources */ = {isa = PBXBuildFile; fileRef = F4A7AEF51F41A6CE0022D5F9 /* ddd.png */; };
		F4A7AF521F41A6CE0022D5F9 /* eee.png in Resources */ = {isa = PBXBuildFile; fileRef = F4A7AEF61F41A6CE0022D5F9 /* eee.png */; };
		F4A7AF531F41A6CE0022D5F9 /* fff.png in Resources */ = {isa = PBXBuildFile; fileRef = F4A7AEF71F41A6CE0022D5F9 /* fff.png */; };
		F4A7AF541F41A6CE0022D5F9 /* left_float.png in Resources */ = {isa = PBXBuildFile; fileRef = F4A7AEF81F41A6CE0022D5F9 /* left_float.png */; };
		F4A7AF551F41A6CE0022D5F9 /* right_float.png in Resources */ = {isa = PBXBuildFile; fileRef = F4A7AEF91F41A6CE0022D5F9 /* right_float.png */; };
		F4A7AF561F41A6CE0022D5F9 /* z.png in Resources */ = {isa = PBXBuildFile; fileRef = F4A7AEFA1F41A6CE0022D5F9 /* z.png */; };
		F4A7AF571F41A6CE0022D5F9 /* 4.jpg in Resources */ = {isa = PBXBuildFile; fileRef = F4A7AEFC1F41A6CE0022D5F9 /* 4.jpg */; };
		F4A7AF581F41A6CE0022D5F9 /* 5.jpg in Resources */ = {isa = PBXBuildFile; fileRef = F4A7AEFD1F41A6CE0022D5F9 /* 5.jpg */; };
		F4A7AF591F41A6CE0022D5F9 /* 6.jpg in Resources */ = {isa = PBXBuildFile; fileRef = F4A7AEFE1F41A6CE0022D5F9 /* 6.jpg */; };
		F4A7AF5A1F41A6CE0022D5F9 /* 7.jpg in Resources */ = {isa = PBXBuildFile; fileRef = F4A7AEFF1F41A6CE0022D5F9 /* 7.jpg */; };
		F4A7AF5B1F41A6CE0022D5F9 /* LZWHeaderScrollView.m in Sources */ = {isa = PBXBuildFile; fileRef = F4A7AF011F41A6CE0022D5F9 /* LZWHeaderScrollView.m */; };
		F4A7AF5C1F41A6CE0022D5F9 /* LzwScrollView.m in Sources */ = {isa = PBXBuildFile; fileRef = F4A7AF041F41A6CE0022D5F9 /* LzwScrollView.m */; };
		F4A7AF5D1F41A6CE0022D5F9 /* EightViewController.m in Sources */ = {isa = PBXBuildFile; fileRef = F4A7AF061F41A6CE0022D5F9 /* EightViewController.m */; };
		F4A7AF5E1F41A6CE0022D5F9 /* NineViewController.m in Sources */ = {isa = PBXBuildFile; fileRef = F4A7AF091F41A6CE0022D5F9 /* NineViewController.m */; };
		F4A7AF5F1F41A6CE0022D5F9 /* sina.png in Resources */ = {isa = PBXBuildFile; fileRef = F4A7AF0A1F41A6CE0022D5F9 /* sina.png */; };
		F4A7AF601F41A6CE0022D5F9 /* LZWBaseViewController.m in Sources */ = {isa = PBXBuildFile; fileRef = F4A7AF0C1F41A6CE0022D5F9 /* LZWBaseViewController.m */; };
		F4A7AF611F41A6CE0022D5F9 /* LZWTableViewController.m in Sources */ = {isa = PBXBuildFile; fileRef = F4A7AF0E1F41A6CE0022D5F9 /* LZWTableViewController.m */; };
		F4DE29221F050016003C53C7 /* main.m in Sources */ = {isa = PBXBuildFile; fileRef = F4DE29211F050016003C53C7 /* main.m */; };
		F4DE29251F050016003C53C7 /* AppDelegate.m in Sources */ = {isa = PBXBuildFile; fileRef = F4DE29241F050016003C53C7 /* AppDelegate.m */; };
		F4DE29281F050016003C53C7 /* ViewController.m in Sources */ = {isa = PBXBuildFile; fileRef = F4DE29271F050016003C53C7 /* ViewController.m */; };
		F4DE292B1F050016003C53C7 /* Main.storyboard in Resources */ = {isa = PBXBuildFile; fileRef = F4DE29291F050016003C53C7 /* Main.storyboard */; };
		F4DE292D1F050016003C53C7 /* Assets.xcassets in Resources */ = {isa = PBXBuildFile; fileRef = F4DE292C1F050016003C53C7 /* Assets.xcassets */; };
		F4DE29301F050016003C53C7 /* LaunchScreen.storyboard in Resources */ = {isa = PBXBuildFile; fileRef = F4DE292E1F050016003C53C7 /* LaunchScreen.storyboard */; };
		F4DE293B1F050017003C53C7 /* LZW_iOS_common_questionsUITests.m in Sources */ = {isa = PBXBuildFile; fileRef = F4DE293A1F050017003C53C7 /* LZW_iOS_common_questionsUITests.m */; };
/* End PBXBuildFile section */

/* Begin PBXContainerItemProxy section */
		F4DE29371F050017003C53C7 /* PBXContainerItemProxy */ = {
			isa = PBXContainerItemProxy;
			containerPortal = F4DE29151F050016003C53C7 /* Project object */;
			proxyType = 1;
			remoteGlobalIDString = F4DE291C1F050016003C53C7;
			remoteInfo = LZW_iOS_common_questions;
		};
/* End PBXContainerItemProxy section */

/* Begin PBXFileReference section */
		47EEF7FC411C4BB76762DDEA /* Pods-LZW_iOS_common_questions.release.xcconfig */ = {isa = PBXFileReference; includeInIndex = 1; lastKnownFileType = text.xcconfig; name = "Pods-LZW_iOS_common_questions.release.xcconfig"; path = "Pods/Target Support Files/Pods-LZW_iOS_common_questions/Pods-LZW_iOS_common_questions.release.xcconfig"; sourceTree = "<group>"; };
		8370B6834D8C52C24F9732FD /* libPods-LZW_iOS_common_questions.a */ = {isa = PBXFileReference; explicitFileType = archive.ar; includeInIndex = 0; path = "libPods-LZW_iOS_common_questions.a"; sourceTree = BUILT_PRODUCTS_DIR; };
		8E6387664DE993B60D54851E /* Pods-LZW_iOS_common_questions.debug.xcconfig */ = {isa = PBXFileReference; includeInIndex = 1; lastKnownFileType = text.xcconfig; name = "Pods-LZW_iOS_common_questions.debug.xcconfig"; path = "Pods/Target Support Files/Pods-LZW_iOS_common_questions/Pods-LZW_iOS_common_questions.debug.xcconfig"; sourceTree = "<group>"; };
		ABF3797D1F44314700336725 /* PPBaseViewController.h */ = {isa = PBXFileReference; fileEncoding = 4; lastKnownFileType = sourcecode.c.h; path = PPBaseViewController.h; sourceTree = "<group>"; };
		ABF3797E1F44314700336725 /* PPBaseViewController.m */ = {isa = PBXFileReference; fileEncoding = 4; lastKnownFileType = sourcecode.c.objc; path = PPBaseViewController.m; sourceTree = "<group>"; };
		ABF379801F44315400336725 /* PPBaseNavigationViewController.h */ = {isa = PBXFileReference; fileEncoding = 4; lastKnownFileType = sourcecode.c.h; path = PPBaseNavigationViewController.h; sourceTree = "<group>"; };
		ABF379811F44315400336725 /* PPBaseNavigationViewController.m */ = {isa = PBXFileReference; fileEncoding = 4; lastKnownFileType = sourcecode.c.objc; path = PPBaseNavigationViewController.m; sourceTree = "<group>"; };
		ABF379831F44316100336725 /* PPBaseTabBarViewController.h */ = {isa = PBXFileReference; fileEncoding = 4; lastKnownFileType = sourcecode.c.h; path = PPBaseTabBarViewController.h; sourceTree = "<group>"; };
		ABF379841F44316100336725 /* PPBaseTabBarViewController.m */ = {isa = PBXFileReference; fileEncoding = 4; lastKnownFileType = sourcecode.c.objc; path = PPBaseTabBarViewController.m; sourceTree = "<group>"; };
		ABF3798D1F44352200336725 /* PPHomeController.h */ = {isa = PBXFileReference; fileEncoding = 4; lastKnownFileType = sourcecode.c.h; path = PPHomeController.h; sourceTree = "<group>"; };
		ABF3798E1F44352200336725 /* PPHomeController.m */ = {isa = PBXFileReference; fileEncoding = 4; lastKnownFileType = sourcecode.c.objc; path = PPHomeController.m; sourceTree = "<group>"; };
		ABF379901F44353300336725 /* PPAddressController.h */ = {isa = PBXFileReference; fileEncoding = 4; lastKnownFileType = sourcecode.c.h; path = PPAddressController.h; sourceTree = "<group>"; };
		ABF379911F44353300336725 /* PPAddressController.m */ = {isa = PBXFileReference; fileEncoding = 4; lastKnownFileType = sourcecode.c.objc; path = PPAddressController.m; sourceTree = "<group>"; };
		ABF379931F44354300336725 /* PPFoundViewController.h */ = {isa = PBXFileReference; fileEncoding = 4; lastKnownFileType = sourcecode.c.h; path = PPFoundViewController.h; sourceTree = "<group>"; };
		ABF379941F44354300336725 /* PPFoundViewController.m */ = {isa = PBXFileReference; fileEncoding = 4; lastKnownFileType = sourcecode.c.objc; path = PPFoundViewController.m; sourceTree = "<group>"; };
		ABF379961F44355500336725 /* PPMineController.h */ = {isa = PBXFileReference; fileEncoding = 4; lastKnownFileType = sourcecode.c.h; path = PPMineController.h; sourceTree = "<group>"; };
		ABF379971F44355500336725 /* PPMineController.m */ = {isa = PBXFileReference; fileEncoding = 4; lastKnownFileType = sourcecode.c.objc; path = PPMineController.m; sourceTree = "<group>"; };
		ABF379C81F4443A400336725 /* UIImage+Category.h */ = {isa = PBXFileReference; fileEncoding = 4; lastKnownFileType = sourcecode.c.h; path = "UIImage+Category.h"; sourceTree = "<group>"; };
		ABF379C91F4443A400336725 /* UIImage+Category.m */ = {isa = PBXFileReference; fileEncoding = 4; lastKnownFileType = sourcecode.c.objc; path = "UIImage+Category.m"; sourceTree = "<group>"; };
		F488164C1F44276100C15F3D /* TwelveStudyViewController.h */ = {isa = PBXFileReference; fileEncoding = 4; lastKnownFileType = sourcecode.c.h; path = TwelveStudyViewController.h; sourceTree = "<group>"; };
		F488164D1F44276100C15F3D /* TwelveStudyViewController.m */ = {isa = PBXFileReference; fileEncoding = 4; lastKnownFileType = sourcecode.c.objc; path = TwelveStudyViewController.m; sourceTree = "<group>"; };
		F48816501F442C7400C15F3D /* PrefixHeader.pch */ = {isa = PBXFileReference; lastKnownFileType = sourcecode.c.h; path = PrefixHeader.pch; sourceTree = "<group>"; };
		F48816511F442FC700C15F3D /* GulingxuanViewController.h */ = {isa = PBXFileReference; fileEncoding = 4; lastKnownFileType = sourcecode.c.h; path = GulingxuanViewController.h; sourceTree = "<group>"; };
		F48816521F442FC700C15F3D /* GulingxuanViewController.m */ = {isa = PBXFileReference; fileEncoding = 4; lastKnownFileType = sourcecode.c.objc; path = GulingxuanViewController.m; sourceTree = "<group>"; };
		F48816541F442FD100C15F3D /* RaopipiViewController.h */ = {isa = PBXFileReference; fileEncoding = 4; lastKnownFileType = sourcecode.c.h; path = RaopipiViewController.h; sourceTree = "<group>"; };
		F48816551F442FD100C15F3D /* RaopipiViewController.m */ = {isa = PBXFileReference; fileEncoding = 4; lastKnownFileType = sourcecode.c.objc; path = RaopipiViewController.m; sourceTree = "<group>"; };
		F490CA391F3D98E200446EB9 /* AVFoundation.framework */ = {isa = PBXFileReference; lastKnownFileType = wrapper.framework; name = AVFoundation.framework; path = System/Library/Frameworks/AVFoundation.framework; sourceTree = SDKROOT; };
		F490CA3A1F3D98E200446EB9 /* AVKit.framework */ = {isa = PBXFileReference; lastKnownFileType = wrapper.framework; name = AVKit.framework; path = System/Library/Frameworks/AVKit.framework; sourceTree = SDKROOT; };
		F4A7AE891F41A6CE0022D5F9 /* ZeroViewController.h */ = {isa = PBXFileReference; fileEncoding = 4; lastKnownFileType = sourcecode.c.h; path = ZeroViewController.h; sourceTree = "<group>"; };
		F4A7AE8A1F41A6CE0022D5F9 /* ZeroViewController.m */ = {isa = PBXFileReference; fileEncoding = 4; lastKnownFileType = sourcecode.c.objc; path = ZeroViewController.m; sourceTree = "<group>"; };
		F4A7AE8C1F41A6CE0022D5F9 /* OneViewController.h */ = {isa = PBXFileReference; fileEncoding = 4; lastKnownFileType = sourcecode.c.h; path = OneViewController.h; sourceTree = "<group>"; };
		F4A7AE8D1F41A6CE0022D5F9 /* OneViewController.m */ = {isa = PBXFileReference; fileEncoding = 4; lastKnownFileType = sourcecode.c.objc; path = OneViewController.m; sourceTree = "<group>"; };
		F4A7AE8F1F41A6CE0022D5F9 /* 1.png */ = {isa = PBXFileReference; lastKnownFileType = image.png; path = 1.png; sourceTree = "<group>"; };
		F4A7AE901F41A6CE0022D5F9 /* 10.png */ = {isa = PBXFileReference; lastKnownFileType = image.png; path = 10.png; sourceTree = "<group>"; };
		F4A7AE911F41A6CE0022D5F9 /* 11.png */ = {isa = PBXFileReference; lastKnownFileType = image.png; path = 11.png; sourceTree = "<group>"; };
		F4A7AE921F41A6CE0022D5F9 /* 12.png */ = {isa = PBXFileReference; lastKnownFileType = image.png; path = 12.png; sourceTree = "<group>"; };
		F4A7AE931F41A6CE0022D5F9 /* 123.GIF */ = {isa = PBXFileReference; lastKnownFileType = image.gif; path = 123.GIF; sourceTree = "<group>"; };
		F4A7AE941F41A6CE0022D5F9 /* 13.png */ = {isa = PBXFileReference; lastKnownFileType = image.png; path = 13.png; sourceTree = "<group>"; };
		F4A7AE951F41A6CE0022D5F9 /* 14.png */ = {isa = PBXFileReference; lastKnownFileType = image.png; path = 14.png; sourceTree = "<group>"; };
		F4A7AE961F41A6CE0022D5F9 /* 15.png */ = {isa = PBXFileReference; lastKnownFileType = image.png; path = 15.png; sourceTree = "<group>"; };
		F4A7AE971F41A6CE0022D5F9 /* 16.png */ = {isa = PBXFileReference; lastKnownFileType = image.png; path = 16.png; sourceTree = "<group>"; };
		F4A7AE981F41A6CE0022D5F9 /* 17.png */ = {isa = PBXFileReference; lastKnownFileType = image.png; path = 17.png; sourceTree = "<group>"; };
		F4A7AE991F41A6CE0022D5F9 /* 18.png */ = {isa = PBXFileReference; lastKnownFileType = image.png; path = 18.png; sourceTree = "<group>"; };
		F4A7AE9A1F41A6CE0022D5F9 /* 19.png */ = {isa = PBXFileReference; lastKnownFileType = image.png; path = 19.png; sourceTree = "<group>"; };
		F4A7AE9B1F41A6CE0022D5F9 /* 2.png */ = {isa = PBXFileReference; lastKnownFileType = image.png; path = 2.png; sourceTree = "<group>"; };
		F4A7AE9C1F41A6CE0022D5F9 /* 20.png */ = {isa = PBXFileReference; lastKnownFileType = image.png; path = 20.png; sourceTree = "<group>"; };
		F4A7AE9D1F41A6CE0022D5F9 /* 21.png */ = {isa = PBXFileReference; lastKnownFileType = image.png; path = 21.png; sourceTree = "<group>"; };
		F4A7AE9E1F41A6CE0022D5F9 /* 22.png */ = {isa = PBXFileReference; lastKnownFileType = image.png; path = 22.png; sourceTree = "<group>"; };
		F4A7AE9F1F41A6CE0022D5F9 /* 23.png */ = {isa = PBXFileReference; lastKnownFileType = image.png; path = 23.png; sourceTree = "<group>"; };
		F4A7AEA01F41A6CE0022D5F9 /* 24.png */ = {isa = PBXFileReference; lastKnownFileType = image.png; path = 24.png; sourceTree = "<group>"; };
		F4A7AEA11F41A6CE0022D5F9 /* 25.png */ = {isa = PBXFileReference; lastKnownFileType = image.png; path = 25.png; sourceTree = "<group>"; };
		F4A7AEA21F41A6CE0022D5F9 /* 3.png */ = {isa = PBXFileReference; lastKnownFileType = image.png; path = 3.png; sourceTree = "<group>"; };
		F4A7AEA31F41A6CE0022D5F9 /* 4.png */ = {isa = PBXFileReference; lastKnownFileType = image.png; path = 4.png; sourceTree = "<group>"; };
		F4A7AEA41F41A6CE0022D5F9 /* 5.png */ = {isa = PBXFileReference; lastKnownFileType = image.png; path = 5.png; sourceTree = "<group>"; };
		F4A7AEA51F41A6CE0022D5F9 /* 6.png */ = {isa = PBXFileReference; lastKnownFileType = image.png; path = 6.png; sourceTree = "<group>"; };
		F4A7AEA61F41A6CE0022D5F9 /* 7.png */ = {isa = PBXFileReference; lastKnownFileType = image.png; path = 7.png; sourceTree = "<group>"; };
		F4A7AEA71F41A6CE0022D5F9 /* 8.png */ = {isa = PBXFileReference; lastKnownFileType = image.png; path = 8.png; sourceTree = "<group>"; };
		F4A7AEA81F41A6CE0022D5F9 /* 9.png */ = {isa = PBXFileReference; lastKnownFileType = image.png; path = 9.png; sourceTree = "<group>"; };
		F4A7AEA91F41A6CE0022D5F9 /* img.jpeg */ = {isa = PBXFileReference; lastKnownFileType = image.jpeg; path = img.jpeg; sourceTree = "<group>"; };
		F4A7AEAA1F41A6CE0022D5F9 /* TenViewController.h */ = {isa = PBXFileReference; fileEncoding = 4; lastKnownFileType = sourcecode.c.h; path = TenViewController.h; sourceTree = "<group>"; };
		F4A7AEAB1F41A6CE0022D5F9 /* TenViewController.m */ = {isa = PBXFileReference; fileEncoding = 4; lastKnownFileType = sourcecode.c.objc; path = TenViewController.m; sourceTree = "<group>"; };
		F4A7AEAD1F41A6CE0022D5F9 /* ChangePropertyViewController.h */ = {isa = PBXFileReference; fileEncoding = 4; lastKnownFileType = sourcecode.c.h; path = ChangePropertyViewController.h; sourceTree = "<group>"; };
		F4A7AEAE1F41A6CE0022D5F9 /* ChangePropertyViewController.m */ = {isa = PBXFileReference; fileEncoding = 4; lastKnownFileType = sourcecode.c.objc; path = ChangePropertyViewController.m; sourceTree = "<group>"; };
		F4A7AEAF1F41A6CE0022D5F9 /* ElevenViewController.h */ = {isa = PBXFileReference; fileEncoding = 4; lastKnownFileType = sourcecode.c.h; path = ElevenViewController.h; sourceTree = "<group>"; };
		F4A7AEB01F41A6CE0022D5F9 /* ElevenViewController.m */ = {isa = PBXFileReference; fileEncoding = 4; lastKnownFileType = sourcecode.c.objc; path = ElevenViewController.m; sourceTree = "<group>"; };
		F4A7AEB11F41A6CE0022D5F9 /* RotateAnimationViewController.h */ = {isa = PBXFileReference; fileEncoding = 4; lastKnownFileType = sourcecode.c.h; path = RotateAnimationViewController.h; sourceTree = "<group>"; };
		F4A7AEB21F41A6CE0022D5F9 /* RotateAnimationViewController.m */ = {isa = PBXFileReference; fileEncoding = 4; lastKnownFileType = sourcecode.c.objc; path = RotateAnimationViewController.m; sourceTree = "<group>"; };
		F4A7AEB31F41A6CE0022D5F9 /* SpringAnimationViewController.h */ = {isa = PBXFileReference; fileEncoding = 4; lastKnownFileType = sourcecode.c.h; path = SpringAnimationViewController.h; sourceTree = "<group>"; };
		F4A7AEB41F41A6CE0022D5F9 /* SpringAnimationViewController.m */ = {isa = PBXFileReference; fileEncoding = 4; lastKnownFileType = sourcecode.c.objc; path = SpringAnimationViewController.m; sourceTree = "<group>"; };
		F4A7AEB51F41A6CE0022D5F9 /* TheoryViewController.h */ = {isa = PBXFileReference; fileEncoding = 4; lastKnownFileType = sourcecode.c.h; path = TheoryViewController.h; sourceTree = "<group>"; };
		F4A7AEB61F41A6CE0022D5F9 /* TheoryViewController.m */ = {isa = PBXFileReference; fileEncoding = 4; lastKnownFileType = sourcecode.c.objc; path = TheoryViewController.m; sourceTree = "<group>"; };
		F4A7AEB81F41A6CE0022D5F9 /* 1111.mp4 */ = {isa = PBXFileReference; lastKnownFileType = file; path = 1111.mp4; sourceTree = "<group>"; };
		F4A7AEB91F41A6CE0022D5F9 /* 2222.mp4 */ = {isa = PBXFileReference; lastKnownFileType = file; path = 2222.mp4; sourceTree = "<group>"; };
		F4A7AEBA1F41A6CE0022D5F9 /* 3333.mp4 */ = {isa = PBXFileReference; lastKnownFileType = file; path = 3333.mp4; sourceTree = "<group>"; };
		F4A7AEBB1F41A6CE0022D5F9 /* 4444.mp4 */ = {isa = PBXFileReference; lastKnownFileType = file; path = 4444.mp4; sourceTree = "<group>"; };
		F4A7AEBC1F41A6CE0022D5F9 /* TwelveAVPlayerViewController.h */ = {isa = PBXFileReference; fileEncoding = 4; lastKnownFileType = sourcecode.c.h; path = TwelveAVPlayerViewController.h; sourceTree = "<group>"; };
		F4A7AEBD1F41A6CE0022D5F9 /* TwelveAVPlayerViewController.m */ = {isa = PBXFileReference; fileEncoding = 4; lastKnownFileType = sourcecode.c.objc; path = TwelveAVPlayerViewController.m; sourceTree = "<group>"; };
		F4A7AEBE1F41A6CE0022D5F9 /* TwelveMPPlayerViewController.h */ = {isa = PBXFileReference; fileEncoding = 4; lastKnownFileType = sourcecode.c.h; path = TwelveMPPlayerViewController.h; sourceTree = "<group>"; };
		F4A7AEBF1F41A6CE0022D5F9 /* TwelveMPPlayerViewController.m */ = {isa = PBXFileReference; fileEncoding = 4; lastKnownFileType = sourcecode.c.objc; path = TwelveMPPlayerViewController.m; sourceTree = "<group>"; };
		F4A7AEC01F41A6CE0022D5F9 /* TwelveViewController.h */ = {isa = PBXFileReference; fileEncoding = 4; lastKnownFileType = sourcecode.c.h; path = TwelveViewController.h; sourceTree = "<group>"; };
		F4A7AEC11F41A6CE0022D5F9 /* TwelveViewController.m */ = {isa = PBXFileReference; fileEncoding = 4; lastKnownFileType = sourcecode.c.objc; path = TwelveViewController.m; sourceTree = "<group>"; };
		F4A7AEC31F41A6CE0022D5F9 /* BNDReachability.h */ = {isa = PBXFileReference; fileEncoding = 4; lastKnownFileType = sourcecode.c.h; path = BNDReachability.h; sourceTree = "<group>"; };
		F4A7AEC41F41A6CE0022D5F9 /* BNDReachability.m */ = {isa = PBXFileReference; fileEncoding = 4; lastKnownFileType = sourcecode.c.objc; path = BNDReachability.m; sourceTree = "<group>"; };
		F4A7AEC51F41A6CE0022D5F9 /* KeyChainWrapper.h */ = {isa = PBXFileReference; fileEncoding = 4; lastKnownFileType = sourcecode.c.h; path = KeyChainWrapper.h; sourceTree = "<group>"; };
		F4A7AEC61F41A6CE0022D5F9 /* KeyChainWrapper.m */ = {isa = PBXFileReference; fileEncoding = 4; lastKnownFileType = sourcecode.c.objc; path = KeyChainWrapper.m; sourceTree = "<group>"; };
		F4A7AEC71F41A6CE0022D5F9 /* LZWSingleton.h */ = {isa = PBXFileReference; fileEncoding = 4; lastKnownFileType = sourcecode.c.h; path = LZWSingleton.h; sourceTree = "<group>"; };
		F4A7AEC81F41A6CE0022D5F9 /* TwoPublicInfo.h */ = {isa = PBXFileReference; fileEncoding = 4; lastKnownFileType = sourcecode.c.h; path = TwoPublicInfo.h; sourceTree = "<group>"; };
		F4A7AEC91F41A6CE0022D5F9 /* TwoPublicInfo.m */ = {isa = PBXFileReference; fileEncoding = 4; lastKnownFileType = sourcecode.c.objc; path = TwoPublicInfo.m; sourceTree = "<group>"; };
		F4A7AECA1F41A6CE0022D5F9 /* TwoPublicMethod.h */ = {isa = PBXFileReference; fileEncoding = 4; lastKnownFileType = sourcecode.c.h; path = TwoPublicMethod.h; sourceTree = "<group>"; };
		F4A7AECB1F41A6CE0022D5F9 /* TwoPublicMethod.m */ = {isa = PBXFileReference; fileEncoding = 4; lastKnownFileType = sourcecode.c.objc; path = TwoPublicMethod.m; sourceTree = "<group>"; };
		F4A7AECD1F41A6CE0022D5F9 /* ThreeViewController.h */ = {isa = PBXFileReference; fileEncoding = 4; lastKnownFileType = sourcecode.c.h; path = ThreeViewController.h; sourceTree = "<group>"; };
		F4A7AECE1F41A6CE0022D5F9 /* ThreeViewController.m */ = {isa = PBXFileReference; fileEncoding = 4; lastKnownFileType = sourcecode.c.objc; path = ThreeViewController.m; sourceTree = "<group>"; };
		F4A7AED01F41A6CE0022D5F9 /* FourGCDTableViewShow.h */ = {isa = PBXFileReference; fileEncoding = 4; lastKnownFileType = sourcecode.c.h; path = FourGCDTableViewShow.h; sourceTree = "<group>"; };
		F4A7AED11F41A6CE0022D5F9 /* FourGCDTableViewShow.m */ = {isa = PBXFileReference; fileEncoding = 4; lastKnownFileType = sourcecode.c.objc; path = FourGCDTableViewShow.m; sourceTree = "<group>"; };
		F4A7AED21F41A6CE0022D5F9 /* FourOperationTableViewShow.h */ = {isa = PBXFileReference; fileEncoding = 4; lastKnownFileType = sourcecode.c.h; path = FourOperationTableViewShow.h; sourceTree = "<group>"; };
		F4A7AED31F41A6CE0022D5F9 /* FourOperationTableViewShow.m */ = {isa = PBXFileReference; fileEncoding = 4; lastKnownFileType = sourcecode.c.objc; path = FourOperationTableViewShow.m; sourceTree = "<group>"; };
		F4A7AED41F41A6CE0022D5F9 /* FourViewController.h */ = {isa = PBXFileReference; fileEncoding = 4; lastKnownFileType = sourcecode.c.h; path = FourViewController.h; sourceTree = "<group>"; };
		F4A7AED51F41A6CE0022D5F9 /* FourViewController.m */ = {isa = PBXFileReference; fileEncoding = 4; lastKnownFileType = sourcecode.c.objc; path = FourViewController.m; sourceTree = "<group>"; };
		F4A7AED61F41A6CE0022D5F9 /* MyViewController.h */ = {isa = PBXFileReference; fileEncoding = 4; lastKnownFileType = sourcecode.c.h; path = MyViewController.h; sourceTree = "<group>"; };
		F4A7AED71F41A6CE0022D5F9 /* MyViewController.m */ = {isa = PBXFileReference; fileEncoding = 4; lastKnownFileType = sourcecode.c.objc; path = MyViewController.m; sourceTree = "<group>"; };
		F4A7AED91F41A6CE0022D5F9 /* FiveViewController.h */ = {isa = PBXFileReference; fileEncoding = 4; lastKnownFileType = sourcecode.c.h; path = FiveViewController.h; sourceTree = "<group>"; };
		F4A7AEDA1F41A6CE0022D5F9 /* FiveViewController.m */ = {isa = PBXFileReference; fileEncoding = 4; lastKnownFileType = sourcecode.c.objc; path = FiveViewController.m; sourceTree = "<group>"; };
		F4A7AEDB1F41A6CE0022D5F9 /* FiveWebViewInteraction.h */ = {isa = PBXFileReference; fileEncoding = 4; lastKnownFileType = sourcecode.c.h; path = FiveWebViewInteraction.h; sourceTree = "<group>"; };
		F4A7AEDC1F41A6CE0022D5F9 /* FiveWebViewInteraction.m */ = {isa = PBXFileReference; fileEncoding = 4; lastKnownFileType = sourcecode.c.objc; path = FiveWebViewInteraction.m; sourceTree = "<group>"; };
		F4A7AEDD1F41A6CE0022D5F9 /* FiveWKWebViewInteraction.h */ = {isa = PBXFileReference; fileEncoding = 4; lastKnownFileType = sourcecode.c.h; path = FiveWKWebViewInteraction.h; sourceTree = "<group>"; };
		F4A7AEDE1F41A6CE0022D5F9 /* FiveWKWebViewInteraction.m */ = {isa = PBXFileReference; fileEncoding = 4; lastKnownFileType = sourcecode.c.objc; path = FiveWKWebViewInteraction.m; sourceTree = "<group>"; };
		F4A7AEDF1F41A6CE0022D5F9 /* FiveWKWebViewInteraction.xib */ = {isa = PBXFileReference; fileEncoding = 4; lastKnownFileType = file.xib; path = FiveWKWebViewInteraction.xib; sourceTree = "<group>"; };
		F4A7AEE01F41A6CE0022D5F9 /* index.html */ = {isa = PBXFileReference; fileEncoding = 4; lastKnownFileType = text.html; path = index.html; sourceTree = "<group>"; };
		F4A7AEE11F41A6CE0022D5F9 /* wkIndex.html */ = {isa = PBXFileReference; fileEncoding = 4; lastKnownFileType = text.html; path = wkIndex.html; sourceTree = "<group>"; };
		F4A7AEE31F41A6CE0022D5F9 /* CircleLHQView.h */ = {isa = PBXFileReference; fileEncoding = 4; lastKnownFileType = sourcecode.c.h; path = CircleLHQView.h; sourceTree = "<group>"; };
		F4A7AEE41F41A6CE0022D5F9 /* CircleLHQView.m */ = {isa = PBXFileReference; fileEncoding = 4; lastKnownFileType = sourcecode.c.objc; path = CircleLHQView.m; sourceTree = "<group>"; };
		F4A7AEE51F41A6CE0022D5F9 /* SixViewController.h */ = {isa = PBXFileReference; fileEncoding = 4; lastKnownFileType = sourcecode.c.h; path = SixViewController.h; sourceTree = "<group>"; };
		F4A7AEE61F41A6CE0022D5F9 /* SixViewController.m */ = {isa = PBXFileReference; fileEncoding = 4; lastKnownFileType = sourcecode.c.objc; path = SixViewController.m; sourceTree = "<group>"; };
		F4A7AEE81F41A6CE0022D5F9 /* MyModel.h */ = {isa = PBXFileReference; fileEncoding = 4; lastKnownFileType = sourcecode.c.h; path = MyModel.h; sourceTree = "<group>"; };
		F4A7AEE91F41A6CE0022D5F9 /* MyModel.m */ = {isa = PBXFileReference; fileEncoding = 4; lastKnownFileType = sourcecode.c.objc; path = MyModel.m; sourceTree = "<group>"; };
		F4A7AEEA1F41A6CE0022D5F9 /* SevenViewController.h */ = {isa = PBXFileReference; fileEncoding = 4; lastKnownFileType = sourcecode.c.h; path = SevenViewController.h; sourceTree = "<group>"; };
		F4A7AEEB1F41A6CE0022D5F9 /* SevenViewController.m */ = {isa = PBXFileReference; fileEncoding = 4; lastKnownFileType = sourcecode.c.objc; path = SevenViewController.m; sourceTree = "<group>"; };
		F4A7AEEC1F41A6CE0022D5F9 /* TestKvoViewController.h */ = {isa = PBXFileReference; fileEncoding = 4; lastKnownFileType = sourcecode.c.h; path = TestKvoViewController.h; sourceTree = "<group>"; };
		F4A7AEED1F41A6CE0022D5F9 /* TestKvoViewController.m */ = {isa = PBXFileReference; fileEncoding = 4; lastKnownFileType = sourcecode.c.objc; path = TestKvoViewController.m; sourceTree = "<group>"; };
		F4A7AEF01F41A6CE0022D5F9 /* LZWFloatWindow.h */ = {isa = PBXFileReference; fileEncoding = 4; lastKnownFileType = sourcecode.c.h; path = LZWFloatWindow.h; sourceTree = "<group>"; };
		F4A7AEF11F41A6CE0022D5F9 /* LZWFloatWindow.m */ = {isa = PBXFileReference; fileEncoding = 4; lastKnownFileType = sourcecode.c.objc; path = LZWFloatWindow.m; sourceTree = "<group>"; };
		F4A7AEF31F41A6CE0022D5F9 /* a.jpg */ = {isa = PBXFileReference; lastKnownFileType = image.jpeg; path = a.jpg; sourceTree = "<group>"; };
		F4A7AEF41F41A6CE0022D5F9 /* ccc.png */ = {isa = PBXFileReference; lastKnownFileType = image.png; path = ccc.png; sourceTree = "<group>"; };
		F4A7AEF51F41A6CE0022D5F9 /* ddd.png */ = {isa = PBXFileReference; lastKnownFileType = image.png; path = ddd.png; sourceTree = "<group>"; };
		F4A7AEF61F41A6CE0022D5F9 /* eee.png */ = {isa = PBXFileReference; lastKnownFileType = image.png; path = eee.png; sourceTree = "<group>"; };
		F4A7AEF71F41A6CE0022D5F9 /* fff.png */ = {isa = PBXFileReference; lastKnownFileType = image.png; path = fff.png; sourceTree = "<group>"; };
		F4A7AEF81F41A6CE0022D5F9 /* left_float.png */ = {isa = PBXFileReference; lastKnownFileType = image.png; path = left_float.png; sourceTree = "<group>"; };
		F4A7AEF91F41A6CE0022D5F9 /* right_float.png */ = {isa = PBXFileReference; lastKnownFileType = image.png; path = right_float.png; sourceTree = "<group>"; };
		F4A7AEFA1F41A6CE0022D5F9 /* z.png */ = {isa = PBXFileReference; lastKnownFileType = image.png; path = z.png; sourceTree = "<group>"; };
		F4A7AEFC1F41A6CE0022D5F9 /* 4.jpg */ = {isa = PBXFileReference; lastKnownFileType = image.jpeg; path = 4.jpg; sourceTree = "<group>"; };
		F4A7AEFD1F41A6CE0022D5F9 /* 5.jpg */ = {isa = PBXFileReference; lastKnownFileType = image.jpeg; path = 5.jpg; sourceTree = "<group>"; };
		F4A7AEFE1F41A6CE0022D5F9 /* 6.jpg */ = {isa = PBXFileReference; lastKnownFileType = image.jpeg; path = 6.jpg; sourceTree = "<group>"; };
		F4A7AEFF1F41A6CE0022D5F9 /* 7.jpg */ = {isa = PBXFileReference; lastKnownFileType = image.jpeg; path = 7.jpg; sourceTree = "<group>"; };
		F4A7AF001F41A6CE0022D5F9 /* LZWHeaderScrollView.h */ = {isa = PBXFileReference; fileEncoding = 4; lastKnownFileType = sourcecode.c.h; path = LZWHeaderScrollView.h; sourceTree = "<group>"; };
		F4A7AF011F41A6CE0022D5F9 /* LZWHeaderScrollView.m */ = {isa = PBXFileReference; fileEncoding = 4; lastKnownFileType = sourcecode.c.objc; path = LZWHeaderScrollView.m; sourceTree = "<group>"; };
		F4A7AF031F41A6CE0022D5F9 /* LzwScrollView.h */ = {isa = PBXFileReference; fileEncoding = 4; lastKnownFileType = sourcecode.c.h; path = LzwScrollView.h; sourceTree = "<group>"; };
		F4A7AF041F41A6CE0022D5F9 /* LzwScrollView.m */ = {isa = PBXFileReference; fileEncoding = 4; lastKnownFileType = sourcecode.c.objc; path = LzwScrollView.m; sourceTree = "<group>"; };
		F4A7AF051F41A6CE0022D5F9 /* EightViewController.h */ = {isa = PBXFileReference; fileEncoding = 4; lastKnownFileType = sourcecode.c.h; path = EightViewController.h; sourceTree = "<group>"; };
		F4A7AF061F41A6CE0022D5F9 /* EightViewController.m */ = {isa = PBXFileReference; fileEncoding = 4; lastKnownFileType = sourcecode.c.objc; path = EightViewController.m; sourceTree = "<group>"; };
		F4A7AF081F41A6CE0022D5F9 /* NineViewController.h */ = {isa = PBXFileReference; fileEncoding = 4; lastKnownFileType = sourcecode.c.h; path = NineViewController.h; sourceTree = "<group>"; };
		F4A7AF091F41A6CE0022D5F9 /* NineViewController.m */ = {isa = PBXFileReference; fileEncoding = 4; lastKnownFileType = sourcecode.c.objc; path = NineViewController.m; sourceTree = "<group>"; };
		F4A7AF0A1F41A6CE0022D5F9 /* sina.png */ = {isa = PBXFileReference; lastKnownFileType = image.png; path = sina.png; sourceTree = "<group>"; };
		F4A7AF0B1F41A6CE0022D5F9 /* LZWBaseViewController.h */ = {isa = PBXFileReference; fileEncoding = 4; lastKnownFileType = sourcecode.c.h; path = LZWBaseViewController.h; sourceTree = "<group>"; };
		F4A7AF0C1F41A6CE0022D5F9 /* LZWBaseViewController.m */ = {isa = PBXFileReference; fileEncoding = 4; lastKnownFileType = sourcecode.c.objc; path = LZWBaseViewController.m; sourceTree = "<group>"; };
		F4A7AF0D1F41A6CE0022D5F9 /* LZWTableViewController.h */ = {isa = PBXFileReference; fileEncoding = 4; lastKnownFileType = sourcecode.c.h; path = LZWTableViewController.h; sourceTree = "<group>"; };
		F4A7AF0E1F41A6CE0022D5F9 /* LZWTableViewController.m */ = {isa = PBXFileReference; fileEncoding = 4; lastKnownFileType = sourcecode.c.objc; path = LZWTableViewController.m; sourceTree = "<group>"; };
		F4DE291D1F050016003C53C7 /* LZW_iOS_common_questions.app */ = {isa = PBXFileReference; explicitFileType = wrapper.application; includeInIndex = 0; path = LZW_iOS_common_questions.app; sourceTree = BUILT_PRODUCTS_DIR; };
		F4DE29211F050016003C53C7 /* main.m */ = {isa = PBXFileReference; lastKnownFileType = sourcecode.c.objc; path = main.m; sourceTree = "<group>"; };
		F4DE29231F050016003C53C7 /* AppDelegate.h */ = {isa = PBXFileReference; lastKnownFileType = sourcecode.c.h; path = AppDelegate.h; sourceTree = "<group>"; };
		F4DE29241F050016003C53C7 /* AppDelegate.m */ = {isa = PBXFileReference; lastKnownFileType = sourcecode.c.objc; path = AppDelegate.m; sourceTree = "<group>"; };
		F4DE29261F050016003C53C7 /* ViewController.h */ = {isa = PBXFileReference; lastKnownFileType = sourcecode.c.h; path = ViewController.h; sourceTree = "<group>"; };
		F4DE29271F050016003C53C7 /* ViewController.m */ = {isa = PBXFileReference; lastKnownFileType = sourcecode.c.objc; path = ViewController.m; sourceTree = "<group>"; };
		F4DE292A1F050016003C53C7 /* Base */ = {isa = PBXFileReference; lastKnownFileType = file.storyboard; name = Base; path = Base.lproj/Main.storyboard; sourceTree = "<group>"; };
		F4DE292C1F050016003C53C7 /* Assets.xcassets */ = {isa = PBXFileReference; lastKnownFileType = folder.assetcatalog; path = Assets.xcassets; sourceTree = "<group>"; };
		F4DE292F1F050016003C53C7 /* Base */ = {isa = PBXFileReference; lastKnownFileType = file.storyboard; name = Base; path = Base.lproj/LaunchScreen.storyboard; sourceTree = "<group>"; };
		F4DE29311F050016003C53C7 /* Info.plist */ = {isa = PBXFileReference; lastKnownFileType = text.plist.xml; path = Info.plist; sourceTree = "<group>"; };
		F4DE29361F050016003C53C7 /* LZW_iOS_common_questionsUITests.xctest */ = {isa = PBXFileReference; explicitFileType = wrapper.cfbundle; includeInIndex = 0; path = LZW_iOS_common_questionsUITests.xctest; sourceTree = BUILT_PRODUCTS_DIR; };
		F4DE293A1F050017003C53C7 /* LZW_iOS_common_questionsUITests.m */ = {isa = PBXFileReference; lastKnownFileType = sourcecode.c.objc; path = LZW_iOS_common_questionsUITests.m; sourceTree = "<group>"; };
		F4DE293C1F050017003C53C7 /* Info.plist */ = {isa = PBXFileReference; lastKnownFileType = text.plist.xml; path = Info.plist; sourceTree = "<group>"; };
/* End PBXFileReference section */

/* Begin PBXFrameworksBuildPhase section */
		F4DE291A1F050016003C53C7 /* Frameworks */ = {
			isa = PBXFrameworksBuildPhase;
			buildActionMask = 2147483647;
			files = (
				F490CA3B1F3D98E200446EB9 /* AVFoundation.framework in Frameworks */,
				F490CA3C1F3D98E200446EB9 /* AVKit.framework in Frameworks */,
				B353985DC79B65FF2DF24C5B /* libPods-LZW_iOS_common_questions.a in Frameworks */,
			);
			runOnlyForDeploymentPostprocessing = 0;
		};
		F4DE29331F050016003C53C7 /* Frameworks */ = {
			isa = PBXFrameworksBuildPhase;
			buildActionMask = 2147483647;
			files = (
			);
			runOnlyForDeploymentPostprocessing = 0;
		};
/* End PBXFrameworksBuildPhase section */

/* Begin PBXGroup section */
		ABF379791F44308F00336725 /* Basse */ = {
			isa = PBXGroup;
			children = (
				ABF3797A1F44310800336725 /* BaseViewController */,
				ABF3797B1F44310800336725 /* Navigation */,
				ABF3797C1F44310800336725 /* Tabbar */,
			);
			path = Basse;
			sourceTree = "<group>";
		};
		ABF3797A1F44310800336725 /* BaseViewController */ = {
			isa = PBXGroup;
			children = (
				ABF3797D1F44314700336725 /* PPBaseViewController.h */,
				ABF3797E1F44314700336725 /* PPBaseViewController.m */,
			);
			path = BaseViewController;
			sourceTree = "<group>";
		};
		ABF3797B1F44310800336725 /* Navigation */ = {
			isa = PBXGroup;
			children = (
				ABF379801F44315400336725 /* PPBaseNavigationViewController.h */,
				ABF379811F44315400336725 /* PPBaseNavigationViewController.m */,
			);
			path = Navigation;
			sourceTree = "<group>";
		};
		ABF3797C1F44310800336725 /* Tabbar */ = {
			isa = PBXGroup;
			children = (
				ABF379831F44316100336725 /* PPBaseTabBarViewController.h */,
				ABF379841F44316100336725 /* PPBaseTabBarViewController.m */,
			);
			path = Tabbar;
			sourceTree = "<group>";
		};
		ABF379861F4432A100336725 /* Category */ = {
			isa = PBXGroup;
			children = (
				ABF379C81F4443A400336725 /* UIImage+Category.h */,
				ABF379C91F4443A400336725 /* UIImage+Category.m */,
			);
			path = Category;
			sourceTree = "<group>";
		};
		ABF379871F4432A100336725 /* Modules */ = {
			isa = PBXGroup;
			children = (
				ABF3798C1F4434B000336725 /* PPHome */,
				ABF379891F4434B000336725 /* Address */,
				ABF3798A1F4434B000336725 /* Found */,
				ABF3798B1F4434B000336725 /* Mine */,
			);
			path = Modules;
			sourceTree = "<group>";
		};
		ABF379881F4432A100336725 /* Utils */ = {
			isa = PBXGroup;
			children = (
			);
			path = Utils;
			sourceTree = "<group>";
		};
		ABF379891F4434B000336725 /* Address */ = {
			isa = PBXGroup;
			children = (
				ABF379901F44353300336725 /* PPAddressController.h */,
				ABF379911F44353300336725 /* PPAddressController.m */,
			);
			path = Address;
			sourceTree = "<group>";
		};
		ABF3798A1F4434B000336725 /* Found */ = {
			isa = PBXGroup;
			children = (
				ABF379931F44354300336725 /* PPFoundViewController.h */,
				ABF379941F44354300336725 /* PPFoundViewController.m */,
			);
			path = Found;
			sourceTree = "<group>";
		};
		ABF3798B1F4434B000336725 /* Mine */ = {
			isa = PBXGroup;
			children = (
				ABF379961F44355500336725 /* PPMineController.h */,
				ABF379971F44355500336725 /* PPMineController.m */,
			);
			path = Mine;
			sourceTree = "<group>";
		};
		ABF3798C1F4434B000336725 /* PPHome */ = {
			isa = PBXGroup;
			children = (
				ABF3798D1F44352200336725 /* PPHomeController.h */,
				ABF3798E1F44352200336725 /* PPHomeController.m */,
			);
			path = PPHome;
			sourceTree = "<group>";
		};
		E27D6AD72042CC39D8EB7D6D /* Pods */ = {
			isa = PBXGroup;
			children = (
				8E6387664DE993B60D54851E /* Pods-LZW_iOS_common_questions.debug.xcconfig */,
				47EEF7FC411C4BB76762DDEA /* Pods-LZW_iOS_common_questions.release.xcconfig */,
			);
			name = Pods;
			sourceTree = "<group>";
		};
		F488164F1F442C5E00C15F3D /* 所有人公用文件夹 */ = {
			isa = PBXGroup;
			children = (
				F48816501F442C7400C15F3D /* PrefixHeader.pch */,
			);
			path = "所有人公用文件夹";
			sourceTree = "<group>";
		};
		F490CA381F3D98E100446EB9 /* Frameworks */ = {
			isa = PBXGroup;
			children = (
				F490CA391F3D98E200446EB9 /* AVFoundation.framework */,
				F490CA3A1F3D98E200446EB9 /* AVKit.framework */,
				8370B6834D8C52C24F9732FD /* libPods-LZW_iOS_common_questions.a */,
			);
			name = Frameworks;
			sourceTree = "<group>";
		};
		F4A7AE861F41A6CE0022D5F9 /* 顾泠轩笔记 */ = {
			isa = PBXGroup;
			children = (
				F48816511F442FC700C15F3D /* GulingxuanViewController.h */,
				F48816521F442FC700C15F3D /* GulingxuanViewController.m */,
			);
			path = "顾泠轩笔记";
			sourceTree = "<group>";
		};
		F4A7AE871F41A6CE0022D5F9 /* 红宝时笔记 */ = {
			isa = PBXGroup;
			children = (
				F4A7AF0B1F41A6CE0022D5F9 /* LZWBaseViewController.h */,
				F4A7AF0C1F41A6CE0022D5F9 /* LZWBaseViewController.m */,
				F4A7AF0D1F41A6CE0022D5F9 /* LZWTableViewController.h */,
				F4A7AF0E1F41A6CE0022D5F9 /* LZWTableViewController.m */,
				F4A7AE881F41A6CE0022D5F9 /* 0---状态栏 */,
				F4A7AE8B1F41A6CE0022D5F9 /* 1---导航栏 */,
				F4A7AEC21F41A6CE0022D5F9 /* 2---公用类 */,
				F4A7AECC1F41A6CE0022D5F9 /* 3---代码截屏 */,
				F4A7AECF1F41A6CE0022D5F9 /* 4---多线程 */,
				F4A7AED81F41A6CE0022D5F9 /* 5---JS交互 */,
				F4A7AEE21F41A6CE0022D5F9 /* 6---旋转罗盘 */,
				F4A7AEE71F41A6CE0022D5F9 /* 7---KVO简单使用 */,
				F4A7AEEE1F41A6CE0022D5F9 /* 8---自己封装的类 */,
				F4A7AF071F41A6CE0022D5F9 /* 9---富文本的简单使用 */,
				F4A7AE8E1F41A6CE0022D5F9 /* 10---UIImageView详解 */,
				F4A7AEAC1F41A6CE0022D5F9 /* 11---iOS简单动画(位移、旋转、缩放、弹簧) */,
				F4A7AEB71F41A6CE0022D5F9 /* 12---framework封装视频 */,
			);
			path = "红宝时笔记";
			sourceTree = "<group>";
		};
		F4A7AE881F41A6CE0022D5F9 /* 0---状态栏 */ = {
			isa = PBXGroup;
			children = (
				F4A7AE891F41A6CE0022D5F9 /* ZeroViewController.h */,
				F4A7AE8A1F41A6CE0022D5F9 /* ZeroViewController.m */,
			);
			path = "0---状态栏";
			sourceTree = "<group>";
		};
		F4A7AE8B1F41A6CE0022D5F9 /* 1---导航栏 */ = {
			isa = PBXGroup;
			children = (
				F4A7AE8C1F41A6CE0022D5F9 /* OneViewController.h */,
				F4A7AE8D1F41A6CE0022D5F9 /* OneViewController.m */,
			);
			path = "1---导航栏";
			sourceTree = "<group>";
		};
		F4A7AE8E1F41A6CE0022D5F9 /* 10---UIImageView详解 */ = {
			isa = PBXGroup;
			children = (
				F4A7AE8F1F41A6CE0022D5F9 /* 1.png */,
				F4A7AE901F41A6CE0022D5F9 /* 10.png */,
				F4A7AE911F41A6CE0022D5F9 /* 11.png */,
				F4A7AE921F41A6CE0022D5F9 /* 12.png */,
				F4A7AE931F41A6CE0022D5F9 /* 123.GIF */,
				F4A7AE941F41A6CE0022D5F9 /* 13.png */,
				F4A7AE951F41A6CE0022D5F9 /* 14.png */,
				F4A7AE961F41A6CE0022D5F9 /* 15.png */,
				F4A7AE971F41A6CE0022D5F9 /* 16.png */,
				F4A7AE981F41A6CE0022D5F9 /* 17.png */,
				F4A7AE991F41A6CE0022D5F9 /* 18.png */,
				F4A7AE9A1F41A6CE0022D5F9 /* 19.png */,
				F4A7AE9B1F41A6CE0022D5F9 /* 2.png */,
				F4A7AE9C1F41A6CE0022D5F9 /* 20.png */,
				F4A7AE9D1F41A6CE0022D5F9 /* 21.png */,
				F4A7AE9E1F41A6CE0022D5F9 /* 22.png */,
				F4A7AE9F1F41A6CE0022D5F9 /* 23.png */,
				F4A7AEA01F41A6CE0022D5F9 /* 24.png */,
				F4A7AEA11F41A6CE0022D5F9 /* 25.png */,
				F4A7AEA21F41A6CE0022D5F9 /* 3.png */,
				F4A7AEA31F41A6CE0022D5F9 /* 4.png */,
				F4A7AEA41F41A6CE0022D5F9 /* 5.png */,
				F4A7AEA51F41A6CE0022D5F9 /* 6.png */,
				F4A7AEA61F41A6CE0022D5F9 /* 7.png */,
				F4A7AEA71F41A6CE0022D5F9 /* 8.png */,
				F4A7AEA81F41A6CE0022D5F9 /* 9.png */,
				F4A7AEA91F41A6CE0022D5F9 /* img.jpeg */,
				F4A7AEAA1F41A6CE0022D5F9 /* TenViewController.h */,
				F4A7AEAB1F41A6CE0022D5F9 /* TenViewController.m */,
			);
			path = "10---UIImageView详解";
			sourceTree = "<group>";
		};
		F4A7AEAC1F41A6CE0022D5F9 /* 11---iOS简单动画(位移、旋转、缩放、弹簧) */ = {
			isa = PBXGroup;
			children = (
				F4A7AEAD1F41A6CE0022D5F9 /* ChangePropertyViewController.h */,
				F4A7AEAE1F41A6CE0022D5F9 /* ChangePropertyViewController.m */,
				F4A7AEAF1F41A6CE0022D5F9 /* ElevenViewController.h */,
				F4A7AEB01F41A6CE0022D5F9 /* ElevenViewController.m */,
				F4A7AEB11F41A6CE0022D5F9 /* RotateAnimationViewController.h */,
				F4A7AEB21F41A6CE0022D5F9 /* RotateAnimationViewController.m */,
				F4A7AEB31F41A6CE0022D5F9 /* SpringAnimationViewController.h */,
				F4A7AEB41F41A6CE0022D5F9 /* SpringAnimationViewController.m */,
				F4A7AEB51F41A6CE0022D5F9 /* TheoryViewController.h */,
				F4A7AEB61F41A6CE0022D5F9 /* TheoryViewController.m */,
			);
			path = "11---iOS简单动画(位移、旋转、缩放、弹簧)";
			sourceTree = "<group>";
		};
		F4A7AEB71F41A6CE0022D5F9 /* 12---framework封装视频 */ = {
			isa = PBXGroup;
			children = (
				F4A7AEB81F41A6CE0022D5F9 /* 1111.mp4 */,
				F4A7AEB91F41A6CE0022D5F9 /* 2222.mp4 */,
				F4A7AEBA1F41A6CE0022D5F9 /* 3333.mp4 */,
				F4A7AEBB1F41A6CE0022D5F9 /* 4444.mp4 */,
				F4A7AEC01F41A6CE0022D5F9 /* TwelveViewController.h */,
				F4A7AEC11F41A6CE0022D5F9 /* TwelveViewController.m */,
				F4A7AEBE1F41A6CE0022D5F9 /* TwelveMPPlayerViewController.h */,
				F4A7AEBF1F41A6CE0022D5F9 /* TwelveMPPlayerViewController.m */,
				F4A7AEBC1F41A6CE0022D5F9 /* TwelveAVPlayerViewController.h */,
				F4A7AEBD1F41A6CE0022D5F9 /* TwelveAVPlayerViewController.m */,
				F488164C1F44276100C15F3D /* TwelveStudyViewController.h */,
				F488164D1F44276100C15F3D /* TwelveStudyViewController.m */,
			);
			path = "12---framework封装视频";
			sourceTree = "<group>";
		};
		F4A7AEC21F41A6CE0022D5F9 /* 2---公用类 */ = {
			isa = PBXGroup;
			children = (
				F4A7AEC31F41A6CE0022D5F9 /* BNDReachability.h */,
				F4A7AEC41F41A6CE0022D5F9 /* BNDReachability.m */,
				F4A7AEC51F41A6CE0022D5F9 /* KeyChainWrapper.h */,
				F4A7AEC61F41A6CE0022D5F9 /* KeyChainWrapper.m */,
				F4A7AEC71F41A6CE0022D5F9 /* LZWSingleton.h */,
				F4A7AEC81F41A6CE0022D5F9 /* TwoPublicInfo.h */,
				F4A7AEC91F41A6CE0022D5F9 /* TwoPublicInfo.m */,
				F4A7AECA1F41A6CE0022D5F9 /* TwoPublicMethod.h */,
				F4A7AECB1F41A6CE0022D5F9 /* TwoPublicMethod.m */,
			);
			path = "2---公用类";
			sourceTree = "<group>";
		};
		F4A7AECC1F41A6CE0022D5F9 /* 3---代码截屏 */ = {
			isa = PBXGroup;
			children = (
				F4A7AECD1F41A6CE0022D5F9 /* ThreeViewController.h */,
				F4A7AECE1F41A6CE0022D5F9 /* ThreeViewController.m */,
			);
			path = "3---代码截屏";
			sourceTree = "<group>";
		};
		F4A7AECF1F41A6CE0022D5F9 /* 4---多线程 */ = {
			isa = PBXGroup;
			children = (
				F4A7AED01F41A6CE0022D5F9 /* FourGCDTableViewShow.h */,
				F4A7AED11F41A6CE0022D5F9 /* FourGCDTableViewShow.m */,
				F4A7AED21F41A6CE0022D5F9 /* FourOperationTableViewShow.h */,
				F4A7AED31F41A6CE0022D5F9 /* FourOperationTableViewShow.m */,
				F4A7AED41F41A6CE0022D5F9 /* FourViewController.h */,
				F4A7AED51F41A6CE0022D5F9 /* FourViewController.m */,
				F4A7AED61F41A6CE0022D5F9 /* MyViewController.h */,
				F4A7AED71F41A6CE0022D5F9 /* MyViewController.m */,
			);
			path = "4---多线程";
			sourceTree = "<group>";
		};
		F4A7AED81F41A6CE0022D5F9 /* 5---JS交互 */ = {
			isa = PBXGroup;
			children = (
				F4A7AED91F41A6CE0022D5F9 /* FiveViewController.h */,
				F4A7AEDA1F41A6CE0022D5F9 /* FiveViewController.m */,
				F4A7AEDB1F41A6CE0022D5F9 /* FiveWebViewInteraction.h */,
				F4A7AEDC1F41A6CE0022D5F9 /* FiveWebViewInteraction.m */,
				F4A7AEDD1F41A6CE0022D5F9 /* FiveWKWebViewInteraction.h */,
				F4A7AEDE1F41A6CE0022D5F9 /* FiveWKWebViewInteraction.m */,
				F4A7AEDF1F41A6CE0022D5F9 /* FiveWKWebViewInteraction.xib */,
				F4A7AEE01F41A6CE0022D5F9 /* index.html */,
				F4A7AEE11F41A6CE0022D5F9 /* wkIndex.html */,
			);
			path = "5---JS交互";
			sourceTree = "<group>";
		};
		F4A7AEE21F41A6CE0022D5F9 /* 6---旋转罗盘 */ = {
			isa = PBXGroup;
			children = (
				F4A7AEE31F41A6CE0022D5F9 /* CircleLHQView.h */,
				F4A7AEE41F41A6CE0022D5F9 /* CircleLHQView.m */,
				F4A7AEE51F41A6CE0022D5F9 /* SixViewController.h */,
				F4A7AEE61F41A6CE0022D5F9 /* SixViewController.m */,
			);
			path = "6---旋转罗盘";
			sourceTree = "<group>";
		};
		F4A7AEE71F41A6CE0022D5F9 /* 7---KVO简单使用 */ = {
			isa = PBXGroup;
			children = (
				F4A7AEE81F41A6CE0022D5F9 /* MyModel.h */,
				F4A7AEE91F41A6CE0022D5F9 /* MyModel.m */,
				F4A7AEEA1F41A6CE0022D5F9 /* SevenViewController.h */,
				F4A7AEEB1F41A6CE0022D5F9 /* SevenViewController.m */,
				F4A7AEEC1F41A6CE0022D5F9 /* TestKvoViewController.h */,
				F4A7AEED1F41A6CE0022D5F9 /* TestKvoViewController.m */,
			);
			path = "7---KVO简单使用";
			sourceTree = "<group>";
		};
		F4A7AEEE1F41A6CE0022D5F9 /* 8---自己封装的类 */ = {
			isa = PBXGroup;
			children = (
				F4A7AF051F41A6CE0022D5F9 /* EightViewController.h */,
				F4A7AF061F41A6CE0022D5F9 /* EightViewController.m */,
				F4A7AEEF1F41A6CE0022D5F9 /* 1---悬浮窗 */,
				F4A7AEFB1F41A6CE0022D5F9 /* 2---头部滚动视图 */,
				F4A7AF021F41A6CE0022D5F9 /* 3---滚动视图加头部btn */,
			);
			path = "8---自己封装的类";
			sourceTree = "<group>";
		};
		F4A7AEEF1F41A6CE0022D5F9 /* 1---悬浮窗 */ = {
			isa = PBXGroup;
			children = (
				F4A7AEF01F41A6CE0022D5F9 /* LZWFloatWindow.h */,
				F4A7AEF11F41A6CE0022D5F9 /* LZWFloatWindow.m */,
				F4A7AEF21F41A6CE0022D5F9 /* resource */,
			);
			path = "1---悬浮窗";
			sourceTree = "<group>";
		};
		F4A7AEF21F41A6CE0022D5F9 /* resource */ = {
			isa = PBXGroup;
			children = (
				F4A7AEF31F41A6CE0022D5F9 /* a.jpg */,
				F4A7AEF41F41A6CE0022D5F9 /* ccc.png */,
				F4A7AEF51F41A6CE0022D5F9 /* ddd.png */,
				F4A7AEF61F41A6CE0022D5F9 /* eee.png */,
				F4A7AEF71F41A6CE0022D5F9 /* fff.png */,
				F4A7AEF81F41A6CE0022D5F9 /* left_float.png */,
				F4A7AEF91F41A6CE0022D5F9 /* right_float.png */,
				F4A7AEFA1F41A6CE0022D5F9 /* z.png */,
			);
			path = resource;
			sourceTree = "<group>";
		};
		F4A7AEFB1F41A6CE0022D5F9 /* 2---头部滚动视图 */ = {
			isa = PBXGroup;
			children = (
				F4A7AEFC1F41A6CE0022D5F9 /* 4.jpg */,
				F4A7AEFD1F41A6CE0022D5F9 /* 5.jpg */,
				F4A7AEFE1F41A6CE0022D5F9 /* 6.jpg */,
				F4A7AEFF1F41A6CE0022D5F9 /* 7.jpg */,
				F4A7AF001F41A6CE0022D5F9 /* LZWHeaderScrollView.h */,
				F4A7AF011F41A6CE0022D5F9 /* LZWHeaderScrollView.m */,
			);
			path = "2---头部滚动视图";
			sourceTree = "<group>";
		};
		F4A7AF021F41A6CE0022D5F9 /* 3---滚动视图加头部btn */ = {
			isa = PBXGroup;
			children = (
				F4A7AF031F41A6CE0022D5F9 /* LzwScrollView.h */,
				F4A7AF041F41A6CE0022D5F9 /* LzwScrollView.m */,
			);
			path = "3---滚动视图加头部btn";
			sourceTree = "<group>";
		};
		F4A7AF071F41A6CE0022D5F9 /* 9---富文本的简单使用 */ = {
			isa = PBXGroup;
			children = (
				F4A7AF081F41A6CE0022D5F9 /* NineViewController.h */,
				F4A7AF091F41A6CE0022D5F9 /* NineViewController.m */,
				F4A7AF0A1F41A6CE0022D5F9 /* sina.png */,
			);
			path = "9---富文本的简单使用";
			sourceTree = "<group>";
		};
		F4A7AF621F41A7070022D5F9 /* 饶皮皮笔记 */ = {
			isa = PBXGroup;
			children = (
				F48816541F442FD100C15F3D /* RaopipiViewController.h */,
				F48816551F442FD100C15F3D /* RaopipiViewController.m */,
				ABF379791F44308F00336725 /* Basse */,
				ABF379871F4432A100336725 /* Modules */,
				ABF379861F4432A100336725 /* Category */,
				ABF379881F4432A100336725 /* Utils */,
			);
			path = "饶皮皮笔记";
			sourceTree = "<group>";
		};
		F4DE29141F050016003C53C7 = {
			isa = PBXGroup;
			children = (
				F4DE291F1F050016003C53C7 /* LZW_iOS_common_questions */,
				F4DE29391F050017003C53C7 /* LZW_iOS_common_questionsUITests */,
				F4DE291E1F050016003C53C7 /* Products */,
				F490CA381F3D98E100446EB9 /* Frameworks */,
				E27D6AD72042CC39D8EB7D6D /* Pods */,
			);
			sourceTree = "<group>";
		};
		F4DE291E1F050016003C53C7 /* Products */ = {
			isa = PBXGroup;
			children = (
				F4DE291D1F050016003C53C7 /* LZW_iOS_common_questions.app */,
				F4DE29361F050016003C53C7 /* LZW_iOS_common_questionsUITests.xctest */,
			);
			name = Products;
			sourceTree = "<group>";
		};
		F4DE291F1F050016003C53C7 /* LZW_iOS_common_questions */ = {
			isa = PBXGroup;
			children = (
				F4DE29231F050016003C53C7 /* AppDelegate.h */,
				F4DE29241F050016003C53C7 /* AppDelegate.m */,
				F4DE29261F050016003C53C7 /* ViewController.h */,
				F4DE29271F050016003C53C7 /* ViewController.m */,
				F4A7AE861F41A6CE0022D5F9 /* 顾泠轩笔记 */,
				F4A7AE871F41A6CE0022D5F9 /* 红宝时笔记 */,
				F4A7AF621F41A7070022D5F9 /* 饶皮皮笔记 */,
				F488164F1F442C5E00C15F3D /* 所有人公用文件夹 */,
				F4DE29451F050132003C53C7 /* New Group */,
				F4DE29201F050016003C53C7 /* Supporting Files */,
			);
			path = LZW_iOS_common_questions;
			sourceTree = "<group>";
		};
		F4DE29201F050016003C53C7 /* Supporting Files */ = {
			isa = PBXGroup;
			children = (
				F4DE29211F050016003C53C7 /* main.m */,
			);
			name = "Supporting Files";
			sourceTree = "<group>";
		};
		F4DE29391F050017003C53C7 /* LZW_iOS_common_questionsUITests */ = {
			isa = PBXGroup;
			children = (
				F4DE293A1F050017003C53C7 /* LZW_iOS_common_questionsUITests.m */,
				F4DE293C1F050017003C53C7 /* Info.plist */,
			);
			path = LZW_iOS_common_questionsUITests;
			sourceTree = "<group>";
		};
		F4DE29451F050132003C53C7 /* New Group */ = {
			isa = PBXGroup;
			children = (
				F4DE29291F050016003C53C7 /* Main.storyboard */,
				F4DE292C1F050016003C53C7 /* Assets.xcassets */,
				F4DE292E1F050016003C53C7 /* LaunchScreen.storyboard */,
				F4DE29311F050016003C53C7 /* Info.plist */,
			);
			name = "New Group";
			sourceTree = "<group>";
		};
/* End PBXGroup section */

/* Begin PBXNativeTarget section */
		F4DE291C1F050016003C53C7 /* LZW_iOS_common_questions */ = {
			isa = PBXNativeTarget;
			buildConfigurationList = F4DE293F1F050017003C53C7 /* Build configuration list for PBXNativeTarget "LZW_iOS_common_questions" */;
			buildPhases = (
				5F2BF43F15CD65F156F785CA /* [CP] Check Pods Manifest.lock */,
				F4DE29191F050016003C53C7 /* Sources */,
				F4DE291A1F050016003C53C7 /* Frameworks */,
				F4DE291B1F050016003C53C7 /* Resources */,
				50311076B71FADE4F6B60488 /* [CP] Embed Pods Frameworks */,
				1A8C05AE913666DFA2178FAF /* [CP] Copy Pods Resources */,
			);
			buildRules = (
			);
			dependencies = (
			);
			name = LZW_iOS_common_questions;
			productName = LZW_iOS_common_questions;
			productReference = F4DE291D1F050016003C53C7 /* LZW_iOS_common_questions.app */;
			productType = "com.apple.product-type.application";
		};
		F4DE29351F050016003C53C7 /* LZW_iOS_common_questionsUITests */ = {
			isa = PBXNativeTarget;
			buildConfigurationList = F4DE29421F050017003C53C7 /* Build configuration list for PBXNativeTarget "LZW_iOS_common_questionsUITests" */;
			buildPhases = (
				F4DE29321F050016003C53C7 /* Sources */,
				F4DE29331F050016003C53C7 /* Frameworks */,
				F4DE29341F050016003C53C7 /* Resources */,
			);
			buildRules = (
			);
			dependencies = (
				F4DE29381F050017003C53C7 /* PBXTargetDependency */,
			);
			name = LZW_iOS_common_questionsUITests;
			productName = LZW_iOS_common_questionsUITests;
			productReference = F4DE29361F050016003C53C7 /* LZW_iOS_common_questionsUITests.xctest */;
			productType = "com.apple.product-type.bundle.ui-testing";
		};
/* End PBXNativeTarget section */

/* Begin PBXProject section */
		F4DE29151F050016003C53C7 /* Project object */ = {
			isa = PBXProject;
			attributes = {
				LastUpgradeCheck = 0830;
				ORGANIZATIONNAME = "红宝时";
				TargetAttributes = {
					F4DE291C1F050016003C53C7 = {
						CreatedOnToolsVersion = 8.3.2;
						DevelopmentTeam = GJ3EP6KS36;
						ProvisioningStyle = Manual;
					};
					F4DE29351F050016003C53C7 = {
						CreatedOnToolsVersion = 8.3.2;
						DevelopmentTeam = VA3428JYB7;
						ProvisioningStyle = Automatic;
						TestTargetID = F4DE291C1F050016003C53C7;
					};
				};
			};
			buildConfigurationList = F4DE29181F050016003C53C7 /* Build configuration list for PBXProject "LZW_iOS_common_questions" */;
			compatibilityVersion = "Xcode 3.2";
			developmentRegion = English;
			hasScannedForEncodings = 0;
			knownRegions = (
				en,
				Base,
			);
			mainGroup = F4DE29141F050016003C53C7;
			productRefGroup = F4DE291E1F050016003C53C7 /* Products */;
			projectDirPath = "";
			projectRoot = "";
			targets = (
				F4DE291C1F050016003C53C7 /* LZW_iOS_common_questions */,
				F4DE29351F050016003C53C7 /* LZW_iOS_common_questionsUITests */,
			);
		};
/* End PBXProject section */

/* Begin PBXResourcesBuildPhase section */
		F4DE291B1F050016003C53C7 /* Resources */ = {
			isa = PBXResourcesBuildPhase;
			buildActionMask = 2147483647;
			files = (
				F4A7AF291F41A6CE0022D5F9 /* 7.png in Resources */,
				F4A7AF481F41A6CE0022D5F9 /* wkIndex.html in Resources */,
				F4A7AF461F41A6CE0022D5F9 /* FiveWKWebViewInteraction.xib in Resources */,
				F4A7AF1B1F41A6CE0022D5F9 /* 17.png in Resources */,
				F4A7AF181F41A6CE0022D5F9 /* 14.png in Resources */,
				F4A7AF551F41A6CE0022D5F9 /* right_float.png in Resources */,
				F4A7AF4F1F41A6CE0022D5F9 /* a.jpg in Resources */,
				F4A7AF511F41A6CE0022D5F9 /* ddd.png in Resources */,
				F4A7AF231F41A6CE0022D5F9 /* 24.png in Resources */,
				F4A7AF521F41A6CE0022D5F9 /* eee.png in Resources */,
				F4A7AF5A1F41A6CE0022D5F9 /* 7.jpg in Resources */,
				F4A7AF131F41A6CE0022D5F9 /* 10.png in Resources */,
				F4A7AF2C1F41A6CE0022D5F9 /* img.jpeg in Resources */,
				F4A7AF571F41A6CE0022D5F9 /* 4.jpg in Resources */,
				F4A7AF161F41A6CE0022D5F9 /* 123.GIF in Resources */,
				F4A7AF211F41A6CE0022D5F9 /* 22.png in Resources */,
				F4A7AF2B1F41A6CE0022D5F9 /* 9.png in Resources */,
				F4A7AF281F41A6CE0022D5F9 /* 6.png in Resources */,
				F4A7AF331F41A6CE0022D5F9 /* 1111.mp4 in Resources */,
				F4A7AF171F41A6CE0022D5F9 /* 13.png in Resources */,
				F4A7AF1D1F41A6CE0022D5F9 /* 19.png in Resources */,
				F4A7AF141F41A6CE0022D5F9 /* 11.png in Resources */,
				F4A7AF151F41A6CE0022D5F9 /* 12.png in Resources */,
				F4A7AF341F41A6CE0022D5F9 /* 2222.mp4 in Resources */,
				F4A7AF201F41A6CE0022D5F9 /* 21.png in Resources */,
				F4A7AF271F41A6CE0022D5F9 /* 5.png in Resources */,
				F4A7AF251F41A6CE0022D5F9 /* 3.png in Resources */,
				F4A7AF531F41A6CE0022D5F9 /* fff.png in Resources */,
				F4A7AF261F41A6CE0022D5F9 /* 4.png in Resources */,
				F4A7AF471F41A6CE0022D5F9 /* index.html in Resources */,
				F4A7AF221F41A6CE0022D5F9 /* 23.png in Resources */,
				F4A7AF361F41A6CE0022D5F9 /* 4444.mp4 in Resources */,
				F4DE29301F050016003C53C7 /* LaunchScreen.storyboard in Resources */,
				F4A7AF121F41A6CE0022D5F9 /* 1.png in Resources */,
				F4A7AF1F1F41A6CE0022D5F9 /* 20.png in Resources */,
				F4A7AF561F41A6CE0022D5F9 /* z.png in Resources */,
				F4A7AF5F1F41A6CE0022D5F9 /* sina.png in Resources */,
				F4A7AF2A1F41A6CE0022D5F9 /* 8.png in Resources */,
				F4A7AF501F41A6CE0022D5F9 /* ccc.png in Resources */,
				F4A7AF541F41A6CE0022D5F9 /* left_float.png in Resources */,
				F4A7AF581F41A6CE0022D5F9 /* 5.jpg in Resources */,
				F4A7AF1E1F41A6CE0022D5F9 /* 2.png in Resources */,
				F4A7AF1A1F41A6CE0022D5F9 /* 16.png in Resources */,
				F4DE292D1F050016003C53C7 /* Assets.xcassets in Resources */,
				F4A7AF591F41A6CE0022D5F9 /* 6.jpg in Resources */,
				F4DE292B1F050016003C53C7 /* Main.storyboard in Resources */,
				F4A7AF351F41A6CE0022D5F9 /* 3333.mp4 in Resources */,
				F4A7AF1C1F41A6CE0022D5F9 /* 18.png in Resources */,
				F4A7AF241F41A6CE0022D5F9 /* 25.png in Resources */,
				F4A7AF191F41A6CE0022D5F9 /* 15.png in Resources */,
			);
			runOnlyForDeploymentPostprocessing = 0;
		};
		F4DE29341F050016003C53C7 /* Resources */ = {
			isa = PBXResourcesBuildPhase;
			buildActionMask = 2147483647;
			files = (
			);
			runOnlyForDeploymentPostprocessing = 0;
		};
/* End PBXResourcesBuildPhase section */

/* Begin PBXShellScriptBuildPhase section */
		1A8C05AE913666DFA2178FAF /* [CP] Copy Pods Resources */ = {
			isa = PBXShellScriptBuildPhase;
			buildActionMask = 2147483647;
			files = (
			);
			inputPaths = (
			);
			name = "[CP] Copy Pods Resources";
			outputPaths = (
			);
			runOnlyForDeploymentPostprocessing = 0;
			shellPath = /bin/sh;
			shellScript = "\"${SRCROOT}/Pods/Target Support Files/Pods-LZW_iOS_common_questions/Pods-LZW_iOS_common_questions-resources.sh\"\n";
			showEnvVarsInLog = 0;
		};
		50311076B71FADE4F6B60488 /* [CP] Embed Pods Frameworks */ = {
			isa = PBXShellScriptBuildPhase;
			buildActionMask = 2147483647;
			files = (
			);
			inputPaths = (
			);
			name = "[CP] Embed Pods Frameworks";
			outputPaths = (
			);
			runOnlyForDeploymentPostprocessing = 0;
			shellPath = /bin/sh;
			shellScript = "\"${SRCROOT}/Pods/Target Support Files/Pods-LZW_iOS_common_questions/Pods-LZW_iOS_common_questions-frameworks.sh\"\n";
			showEnvVarsInLog = 0;
		};
		5F2BF43F15CD65F156F785CA /* [CP] Check Pods Manifest.lock */ = {
			isa = PBXShellScriptBuildPhase;
			buildActionMask = 2147483647;
			files = (
			);
			inputPaths = (
			);
			name = "[CP] Check Pods Manifest.lock";
			outputPaths = (
			);
			runOnlyForDeploymentPostprocessing = 0;
			shellPath = /bin/sh;
			shellScript = "diff \"${PODS_ROOT}/../Podfile.lock\" \"${PODS_ROOT}/Manifest.lock\" > /dev/null\nif [ $? != 0 ] ; then\n    # print error to STDERR\n    echo \"error: The sandbox is not in sync with the Podfile.lock. Run 'pod install' or update your CocoaPods installation.\" >&2\n    exit 1\nfi\n";
			showEnvVarsInLog = 0;
		};
/* End PBXShellScriptBuildPhase section */

/* Begin PBXSourcesBuildPhase section */
		F4DE29191F050016003C53C7 /* Sources */ = {
			isa = PBXSourcesBuildPhase;
			buildActionMask = 2147483647;
			files = (
				F4A7AF601F41A6CE0022D5F9 /* LZWBaseViewController.m in Sources */,
				F4A7AF431F41A6CE0022D5F9 /* FiveViewController.m in Sources */,
				F4A7AF4B1F41A6CE0022D5F9 /* MyModel.m in Sources */,
				F4A7AF3E1F41A6CE0022D5F9 /* ThreeViewController.m in Sources */,
				F4DE29281F050016003C53C7 /* ViewController.m in Sources */,
				F4A7AF5E1F41A6CE0022D5F9 /* NineViewController.m in Sources */,
				F48816531F442FC700C15F3D /* GulingxuanViewController.m in Sources */,
				F4A7AF111F41A6CE0022D5F9 /* OneViewController.m in Sources */,
				ABF379921F44353300336725 /* PPAddressController.m in Sources */,
				F4A7AF491F41A6CE0022D5F9 /* CircleLHQView.m in Sources */,
				F4A7AF311F41A6CE0022D5F9 /* SpringAnimationViewController.m in Sources */,
				F4A7AF401F41A6CE0022D5F9 /* FourOperationTableViewShow.m in Sources */,
				F4A7AF2E1F41A6CE0022D5F9 /* ChangePropertyViewController.m in Sources */,
				F4A7AF381F41A6CE0022D5F9 /* TwelveMPPlayerViewController.m in Sources */,
				F4A7AF4A1F41A6CE0022D5F9 /* SixViewController.m in Sources */,
				ABF379821F44315400336725 /* PPBaseNavigationViewController.m in Sources */,
				ABF379CA1F4443A400336725 /* UIImage+Category.m in Sources */,
				F4DE29251F050016003C53C7 /* AppDelegate.m in Sources */,
				F4A7AF3D1F41A6CE0022D5F9 /* TwoPublicMethod.m in Sources */,
				F4A7AF5C1F41A6CE0022D5F9 /* LzwScrollView.m in Sources */,
				F4A7AF441F41A6CE0022D5F9 /* FiveWebViewInteraction.m in Sources */,
				F4A7AF421F41A6CE0022D5F9 /* MyViewController.m in Sources */,
				F4A7AF451F41A6CE0022D5F9 /* FiveWKWebViewInteraction.m in Sources */,
				F4A7AF4C1F41A6CE0022D5F9 /* SevenViewController.m in Sources */,
				F4A7AF301F41A6CE0022D5F9 /* RotateAnimationViewController.m in Sources */,
				F4A7AF321F41A6CE0022D5F9 /* TheoryViewController.m in Sources */,
				F4A7AF371F41A6CE0022D5F9 /* TwelveAVPlayerViewController.m in Sources */,
				ABF379981F44355500336725 /* PPMineController.m in Sources */,
				ABF379851F44316100336725 /* PPBaseTabBarViewController.m in Sources */,
				F4A7AF3B1F41A6CE0022D5F9 /* KeyChainWrapper.m in Sources */,
				F4A7AF3A1F41A6CE0022D5F9 /* BNDReachability.m in Sources */,
				F4A7AF5D1F41A6CE0022D5F9 /* EightViewController.m in Sources */,
				F4A7AF4E1F41A6CE0022D5F9 /* LZWFloatWindow.m in Sources */,
				F4A7AF101F41A6CE0022D5F9 /* ZeroViewController.m in Sources */,
				F488164E1F44276100C15F3D /* TwelveStudyViewController.m in Sources */,
				F4A7AF2D1F41A6CE0022D5F9 /* TenViewController.m in Sources */,
				F4A7AF611F41A6CE0022D5F9 /* LZWTableViewController.m in Sources */,
				F4A7AF3C1F41A6CE0022D5F9 /* TwoPublicInfo.m in Sources */,
				F4A7AF391F41A6CE0022D5F9 /* TwelveViewController.m in Sources */,
				F4A7AF4D1F41A6CE0022D5F9 /* TestKvoViewController.m in Sources */,
				F4A7AF5B1F41A6CE0022D5F9 /* LZWHeaderScrollView.m in Sources */,
				F4DE29221F050016003C53C7 /* main.m in Sources */,
				ABF379951F44354300336725 /* PPFoundViewController.m in Sources */,
				ABF3797F1F44314700336725 /* PPBaseViewController.m in Sources */,
				F4A7AF2F1F41A6CE0022D5F9 /* ElevenViewController.m in Sources */,
				F4A7AF411F41A6CE0022D5F9 /* FourViewController.m in Sources */,
				F4A7AF3F1F41A6CE0022D5F9 /* FourGCDTableViewShow.m in Sources */,
				F48816561F442FD100C15F3D /* RaopipiViewController.m in Sources */,
				ABF3798F1F44352200336725 /* PPHomeController.m in Sources */,
			);
			runOnlyForDeploymentPostprocessing = 0;
		};
		F4DE29321F050016003C53C7 /* Sources */ = {
			isa = PBXSourcesBuildPhase;
			buildActionMask = 2147483647;
			files = (
				F4DE293B1F050017003C53C7 /* LZW_iOS_common_questionsUITests.m in Sources */,
			);
			runOnlyForDeploymentPostprocessing = 0;
		};
/* End PBXSourcesBuildPhase section */

/* Begin PBXTargetDependency section */
		F4DE29381F050017003C53C7 /* PBXTargetDependency */ = {
			isa = PBXTargetDependency;
			target = F4DE291C1F050016003C53C7 /* LZW_iOS_common_questions */;
			targetProxy = F4DE29371F050017003C53C7 /* PBXContainerItemProxy */;
		};
/* End PBXTargetDependency section */

/* Begin PBXVariantGroup section */
		F4DE29291F050016003C53C7 /* Main.storyboard */ = {
			isa = PBXVariantGroup;
			children = (
				F4DE292A1F050016003C53C7 /* Base */,
			);
			name = Main.storyboard;
			sourceTree = "<group>";
		};
		F4DE292E1F050016003C53C7 /* LaunchScreen.storyboard */ = {
			isa = PBXVariantGroup;
			children = (
				F4DE292F1F050016003C53C7 /* Base */,
			);
			name = LaunchScreen.storyboard;
			sourceTree = "<group>";
		};
/* End PBXVariantGroup section */

/* Begin XCBuildConfiguration section */
		F4DE293D1F050017003C53C7 /* Debug */ = {
			isa = XCBuildConfiguration;
			buildSettings = {
				ALWAYS_SEARCH_USER_PATHS = NO;
				CLANG_ANALYZER_NONNULL = YES;
				CLANG_ANALYZER_NUMBER_OBJECT_CONVERSION = YES_AGGRESSIVE;
				CLANG_CXX_LANGUAGE_STANDARD = "gnu++0x";
				CLANG_CXX_LIBRARY = "libc++";
				CLANG_ENABLE_MODULES = YES;
				CLANG_ENABLE_OBJC_ARC = YES;
				CLANG_WARN_BOOL_CONVERSION = YES;
				CLANG_WARN_CONSTANT_CONVERSION = YES;
				CLANG_WARN_DIRECT_OBJC_ISA_USAGE = YES_ERROR;
				CLANG_WARN_DOCUMENTATION_COMMENTS = YES;
				CLANG_WARN_EMPTY_BODY = YES;
				CLANG_WARN_ENUM_CONVERSION = YES;
				CLANG_WARN_INFINITE_RECURSION = YES;
				CLANG_WARN_INT_CONVERSION = YES;
				CLANG_WARN_OBJC_ROOT_CLASS = YES_ERROR;
				CLANG_WARN_SUSPICIOUS_MOVE = YES;
				CLANG_WARN_UNREACHABLE_CODE = YES;
				CLANG_WARN__DUPLICATE_METHOD_MATCH = YES;
				"CODE_SIGN_IDENTITY[sdk=iphoneos*]" = "iPhone Developer";
				COPY_PHASE_STRIP = NO;
				DEBUG_INFORMATION_FORMAT = dwarf;
				ENABLE_STRICT_OBJC_MSGSEND = YES;
				ENABLE_TESTABILITY = YES;
				GCC_C_LANGUAGE_STANDARD = gnu99;
				GCC_DYNAMIC_NO_PIC = NO;
				GCC_NO_COMMON_BLOCKS = YES;
				GCC_OPTIMIZATION_LEVEL = 0;
				GCC_PREPROCESSOR_DEFINITIONS = (
					"DEBUG=1",
					"$(inherited)",
				);
				GCC_WARN_64_TO_32_BIT_CONVERSION = YES;
				GCC_WARN_ABOUT_RETURN_TYPE = YES_ERROR;
				GCC_WARN_UNDECLARED_SELECTOR = YES;
				GCC_WARN_UNINITIALIZED_AUTOS = YES_AGGRESSIVE;
				GCC_WARN_UNUSED_FUNCTION = YES;
				GCC_WARN_UNUSED_VARIABLE = YES;
				IPHONEOS_DEPLOYMENT_TARGET = 10.3;
				MTL_ENABLE_DEBUG_INFO = YES;
				ONLY_ACTIVE_ARCH = YES;
				SDKROOT = iphoneos;
				TARGETED_DEVICE_FAMILY = "1,2";
			};
			name = Debug;
		};
		F4DE293E1F050017003C53C7 /* Release */ = {
			isa = XCBuildConfiguration;
			buildSettings = {
				ALWAYS_SEARCH_USER_PATHS = NO;
				CLANG_ANALYZER_NONNULL = YES;
				CLANG_ANALYZER_NUMBER_OBJECT_CONVERSION = YES_AGGRESSIVE;
				CLANG_CXX_LANGUAGE_STANDARD = "gnu++0x";
				CLANG_CXX_LIBRARY = "libc++";
				CLANG_ENABLE_MODULES = YES;
				CLANG_ENABLE_OBJC_ARC = YES;
				CLANG_WARN_BOOL_CONVERSION = YES;
				CLANG_WARN_CONSTANT_CONVERSION = YES;
				CLANG_WARN_DIRECT_OBJC_ISA_USAGE = YES_ERROR;
				CLANG_WARN_DOCUMENTATION_COMMENTS = YES;
				CLANG_WARN_EMPTY_BODY = YES;
				CLANG_WARN_ENUM_CONVERSION = YES;
				CLANG_WARN_INFINITE_RECURSION = YES;
				CLANG_WARN_INT_CONVERSION = YES;
				CLANG_WARN_OBJC_ROOT_CLASS = YES_ERROR;
				CLANG_WARN_SUSPICIOUS_MOVE = YES;
				CLANG_WARN_UNREACHABLE_CODE = YES;
				CLANG_WARN__DUPLICATE_METHOD_MATCH = YES;
				"CODE_SIGN_IDENTITY[sdk=iphoneos*]" = "iPhone Developer";
				COPY_PHASE_STRIP = NO;
				DEBUG_INFORMATION_FORMAT = "dwarf-with-dsym";
				ENABLE_NS_ASSERTIONS = NO;
				ENABLE_STRICT_OBJC_MSGSEND = YES;
				GCC_C_LANGUAGE_STANDARD = gnu99;
				GCC_NO_COMMON_BLOCKS = YES;
				GCC_WARN_64_TO_32_BIT_CONVERSION = YES;
				GCC_WARN_ABOUT_RETURN_TYPE = YES_ERROR;
				GCC_WARN_UNDECLARED_SELECTOR = YES;
				GCC_WARN_UNINITIALIZED_AUTOS = YES_AGGRESSIVE;
				GCC_WARN_UNUSED_FUNCTION = YES;
				GCC_WARN_UNUSED_VARIABLE = YES;
				IPHONEOS_DEPLOYMENT_TARGET = 10.3;
				MTL_ENABLE_DEBUG_INFO = NO;
				SDKROOT = iphoneos;
				TARGETED_DEVICE_FAMILY = "1,2";
				VALIDATE_PRODUCT = YES;
			};
			name = Release;
		};
		F4DE29401F050017003C53C7 /* Debug */ = {
			isa = XCBuildConfiguration;
			baseConfigurationReference = 8E6387664DE993B60D54851E /* Pods-LZW_iOS_common_questions.debug.xcconfig */;
			buildSettings = {
				ASSETCATALOG_COMPILER_APPICON_NAME = AppIcon;
				"CODE_SIGN_IDENTITY[sdk=iphoneos*]" = "iPhone Developer";
				DEVELOPMENT_TEAM = GJ3EP6KS36;
				GCC_PREFIX_HEADER = "LZW_iOS_common_questions/所有人公用文件夹/PrefixHeader.pch";
				INFOPLIST_FILE = LZW_iOS_common_questions/Info.plist;
				IPHONEOS_DEPLOYMENT_TARGET = 8.0;
				LD_RUNPATH_SEARCH_PATHS = "$(inherited) @executable_path/Frameworks";
				PRODUCT_BUNDLE_IDENTIFIER = com.lzw.test.2017.7.11;
				PRODUCT_NAME = "$(TARGET_NAME)";
				PROVISIONING_PROFILE = "39849e7d-1d06-48d6-83d3-d510c39e888e";
				PROVISIONING_PROFILE_SPECIFIER = dev_tf_test_2017_7_11;
			};
			name = Debug;
		};
		F4DE29411F050017003C53C7 /* Release */ = {
			isa = XCBuildConfiguration;
			baseConfigurationReference = 47EEF7FC411C4BB76762DDEA /* Pods-LZW_iOS_common_questions.release.xcconfig */;
			buildSettings = {
				ASSETCATALOG_COMPILER_APPICON_NAME = AppIcon;
				"CODE_SIGN_IDENTITY[sdk=iphoneos*]" = "iPhone Developer";
				DEVELOPMENT_TEAM = GJ3EP6KS36;
				GCC_PREFIX_HEADER = "LZW_iOS_common_questions/所有人公用文件夹/PrefixHeader.pch";
				INFOPLIST_FILE = LZW_iOS_common_questions/Info.plist;
				IPHONEOS_DEPLOYMENT_TARGET = 8.0;
				LD_RUNPATH_SEARCH_PATHS = "$(inherited) @executable_path/Frameworks";
				PRODUCT_BUNDLE_IDENTIFIER = com.lzw.test.2017.7.11;
				PRODUCT_NAME = "$(TARGET_NAME)";
				PROVISIONING_PROFILE = "39849e7d-1d06-48d6-83d3-d510c39e888e";
				PROVISIONING_PROFILE_SPECIFIER = dev_tf_test_2017_7_11;
			};
			name = Release;
		};
		F4DE29431F050017003C53C7 /* Debug */ = {
			isa = XCBuildConfiguration;
			buildSettings = {
				DEVELOPMENT_TEAM = VA3428JYB7;
				INFOPLIST_FILE = LZW_iOS_common_questionsUITests/Info.plist;
				LD_RUNPATH_SEARCH_PATHS = "$(inherited) @executable_path/Frameworks @loader_path/Frameworks";
				PRODUCT_BUNDLE_IDENTIFIER = "hongbaoshi.test..LZW-iOS-common-questionsUITests";
				PRODUCT_NAME = "$(TARGET_NAME)";
				TEST_TARGET_NAME = LZW_iOS_common_questions;
			};
			name = Debug;
		};
		F4DE29441F050017003C53C7 /* Release */ = {
			isa = XCBuildConfiguration;
			buildSettings = {
				DEVELOPMENT_TEAM = VA3428JYB7;
				INFOPLIST_FILE = LZW_iOS_common_questionsUITests/Info.plist;
				LD_RUNPATH_SEARCH_PATHS = "$(inherited) @executable_path/Frameworks @loader_path/Frameworks";
				PRODUCT_BUNDLE_IDENTIFIER = "hongbaoshi.test..LZW-iOS-common-questionsUITests";
				PRODUCT_NAME = "$(TARGET_NAME)";
				TEST_TARGET_NAME = LZW_iOS_common_questions;
			};
			name = Release;
		};
/* End XCBuildConfiguration section */

/* Begin XCConfigurationList section */
		F4DE29181F050016003C53C7 /* Build configuration list for PBXProject "LZW_iOS_common_questions" */ = {
			isa = XCConfigurationList;
			buildConfigurations = (
				F4DE293D1F050017003C53C7 /* Debug */,
				F4DE293E1F050017003C53C7 /* Release */,
			);
			defaultConfigurationIsVisible = 0;
			defaultConfigurationName = Release;
		};
		F4DE293F1F050017003C53C7 /* Build configuration list for PBXNativeTarget "LZW_iOS_common_questions" */ = {
			isa = XCConfigurationList;
			buildConfigurations = (
				F4DE29401F050017003C53C7 /* Debug */,
				F4DE29411F050017003C53C7 /* Release */,
			);
			defaultConfigurationIsVisible = 0;
			defaultConfigurationName = Release;
		};
		F4DE29421F050017003C53C7 /* Build configuration list for PBXNativeTarget "LZW_iOS_common_questionsUITests" */ = {
			isa = XCConfigurationList;
			buildConfigurations = (
				F4DE29431F050017003C53C7 /* Debug */,
				F4DE29441F050017003C53C7 /* Release */,
			);
			defaultConfigurationIsVisible = 0;
			defaultConfigurationName = Release;
		};
/* End XCConfigurationList section */
	};
	rootObject = F4DE29151F050016003C53C7 /* Project object */;
}
